
Microsoft Visual Studio Solution File, Format Version 12.00
# Visual Studio Version 16
VisualStudioVersion = 16.0.29102.190
MinimumVisualStudioVersion = 10.0.40219.1
Project("{9A19103F-16F7-4668-BE54-9A1E7A4F7556}") = "Arrays(MORE_EXERCISE)", "Arrays(MORE_EXERCISE)\Arrays(MORE_EXERCISE).csproj", "{19E65996-6CA3-461F-9EEA-9386D80CE962}"
EndProject
Project("{9A19103F-16F7-4668-BE54-9A1E7A4F7556}") = "Ex1EncryptSortAndPrintArray", "Ex1EncryptSortAndPrintArray\Ex1EncryptSortAndPrintArray.csproj", "{595372E5-0E8A-43B2-B924-1B49301F38DE}"
EndProject
Project("{9A19103F-16F7-4668-BE54-9A1E7A4F7556}") = "Ex2PascalTriangle", "Ex2PascalTriangle\Ex2PascalTriangle.csproj", "{5B696C61-8387-4225-830D-81142D142B64}"
EndProject
Project("{9A19103F-16F7-4668-BE54-9A1E7A4F7556}") = "Ex4FoldAndSum", "Ex4FoldAndSum\Ex4FoldAndSum.csproj", "{7CB1809A-2106-4081-B54E-98E0FE28FBB2}"
EndProject
Project("{FAE04EC0-301F-11D3-BF4B-00C04F79EFBC}") = "Ex5LongestIncreasingSubsequence", "Ex5LongestIncreasingSubsequence\Ex5LongestIncreasingSubsequence.csproj", "{1003B59C-FDD6-474C-93BF-B9502F48D17B}"
EndProject
Global
	GlobalSection(SolutionConfigurationPlatforms) = preSolution
		Debug|Any CPU = Debug|Any CPU
		Release|Any CPU = Release|Any CPU
	EndGlobalSection
	GlobalSection(ProjectConfigurationPlatforms) = postSolution
		{19E65996-6CA3-461F-9EEA-9386D80CE962}.Debug|Any CPU.ActiveCfg = Debug|Any CPU
		{19E65996-6CA3-461F-9EEA-9386D80CE962}.Debug|Any CPU.Build.0 = Debug|Any CPU
		{19E65996-6CA3-461F-9EEA-9386D80CE962}.Release|Any CPU.ActiveCfg = Release|Any CPU
		{19E65996-6CA3-461F-9EEA-9386D80CE962}.Release|Any CPU.Build.0 = Release|Any CPU
		{595372E5-0E8A-43B2-B924-1B49301F38DE}.Debug|Any CPU.ActiveCfg = Debug|Any CPU
		{595372E5-0E8A-43B2-B924-1B49301F38DE}.Debug|Any CPU.Build.0 = Debug|Any CPU
		{595372E5-0E8A-43B2-B924-1B49301F38DE}.Release|Any CPU.ActiveCfg = Release|Any CPU
		{595372E5-0E8A-43B2-B924-1B49301F38DE}.Release|Any CPU.Build.0 = Release|Any CPU
		{5B696C61-8387-4225-830D-81142D142B64}.Debug|Any CPU.ActiveCfg = Debug|Any CPU
		{5B696C61-8387-4225-830D-81142D142B64}.Debug|Any CPU.Build.0 = Debug|Any CPU
		{5B696C61-8387-4225-830D-81142D142B64}.Release|Any CPU.ActiveCfg = Release|Any CPU
		{5B696C61-8387-4225-830D-81142D142B64}.Release|Any CPU.Build.0 = Release|Any CPU
		{7CB1809A-2106-4081-B54E-98E0FE28FBB2}.Debug|Any CPU.ActiveCfg = Debug|Any CPU
		{7CB1809A-2106-4081-B54E-98E0FE28FBB2}.Debug|Any CPU.Build.0 = Debug|Any CPU
		{7CB1809A-2106-4081-B54E-98E0FE28FBB2}.Release|Any CPU.ActiveCfg = Release|Any CPU
		{7CB1809A-2106-4081-B54E-98E0FE28FBB2}.Release|Any CPU.Build.0 = Release|Any CPU
		{1003B59C-FDD6-474C-93BF-B9502F48D17B}.Debug|Any CPU.ActiveCfg = Debug|Any CPU
		{1003B59C-FDD6-474C-93BF-B9502F48D17B}.Debug|Any CPU.Build.0 = Debug|Any CPU
		{1003B59C-FDD6-474C-93BF-B9502F48D17B}.Release|Any CPU.ActiveCfg = Release|Any CPU
		{1003B59C-FDD6-474C-93BF-B9502F48D17B}.Release|Any CPU.Build.0 = Release|Any CPU
	EndGlobalSection
	GlobalSection(SolutionProperties) = preSolution
		HideSolutionNode = FALSE
	EndGlobalSection
	GlobalSection(ExtensibilityGlobals) = postSolution
		SolutionGuid = {EADF18D2-B8CE-4641-8CB6-890BC758CCA9}
	EndGlobalSection
EndGlobal
