
Microsoft Visual Studio Solution File, Format Version 12.00
Project("{FAE04EC0-301F-11D3-BF4B-00C04F79EFBC}") = "Graphs_Exercise", "Graphs_Exercise\Graphs_Exercise.csproj", "{46602670-9251-4C5D-AC53-AC40681A3278}"
EndProject
Project("{FAE04EC0-301F-11D3-BF4B-00C04F79EFBC}") = "Ex1ConnectedComponents", "Ex1ConnectedComponents\Ex1ConnectedComponents.csproj", "{02E7E71A-5CEA-4C28-AD8F-E7371A037CDC}"
EndProject
Project("{FAE04EC0-301F-11D3-BF4B-00C04F79EFBC}") = "Ex2", "Ex2\Ex2.csproj", "{F08238A9-A65B-475E-B0D3-C4E6A6C0E652}"
EndProject
Project("{FAE04EC0-301F-11D3-BF4B-00C04F79EFBC}") = "Ex3", "Ex3\Ex3.csproj", "{3236BCE6-320F-4FDB-B0EF-91722DCC4AFB}"
EndProject
Global
	GlobalSection(SolutionConfigurationPlatforms) = preSolution
		Debug|Any CPU = Debug|Any CPU
		Release|Any CPU = Release|Any CPU
	EndGlobalSection
	GlobalSection(ProjectConfigurationPlatforms) = postSolution
		{46602670-9251-4C5D-AC53-AC40681A3278}.Debug|Any CPU.ActiveCfg = Debug|Any CPU
		{46602670-9251-4C5D-AC53-AC40681A3278}.Debug|Any CPU.Build.0 = Debug|Any CPU
		{46602670-9251-4C5D-AC53-AC40681A3278}.Release|Any CPU.ActiveCfg = Release|Any CPU
		{46602670-9251-4C5D-AC53-AC40681A3278}.Release|Any CPU.Build.0 = Release|Any CPU
		{02E7E71A-5CEA-4C28-AD8F-E7371A037CDC}.Debug|Any CPU.ActiveCfg = Debug|Any CPU
		{02E7E71A-5CEA-4C28-AD8F-E7371A037CDC}.Debug|Any CPU.Build.0 = Debug|Any CPU
		{02E7E71A-5CEA-4C28-AD8F-E7371A037CDC}.Release|Any CPU.ActiveCfg = Release|Any CPU
		{02E7E71A-5CEA-4C28-AD8F-E7371A037CDC}.Release|Any CPU.Build.0 = Release|Any CPU
		{F08238A9-A65B-475E-B0D3-C4E6A6C0E652}.Debug|Any CPU.ActiveCfg = Debug|Any CPU
		{F08238A9-A65B-475E-B0D3-C4E6A6C0E652}.Debug|Any CPU.Build.0 = Debug|Any CPU
		{F08238A9-A65B-475E-B0D3-C4E6A6C0E652}.Release|Any CPU.ActiveCfg = Release|Any CPU
		{F08238A9-A65B-475E-B0D3-C4E6A6C0E652}.Release|Any CPU.Build.0 = Release|Any CPU
		{3236BCE6-320F-4FDB-B0EF-91722DCC4AFB}.Debug|Any CPU.ActiveCfg = Debug|Any CPU
		{3236BCE6-320F-4FDB-B0EF-91722DCC4AFB}.Debug|Any CPU.Build.0 = Debug|Any CPU
		{3236BCE6-320F-4FDB-B0EF-91722DCC4AFB}.Release|Any CPU.ActiveCfg = Release|Any CPU
		{3236BCE6-320F-4FDB-B0EF-91722DCC4AFB}.Release|Any CPU.Build.0 = Release|Any CPU
	EndGlobalSection
EndGlobal
