
Microsoft Visual Studio Solution File, Format Version 12.00
# Visual Studio Version 16
VisualStudioVersion = 16.0.29102.190
MinimumVisualStudioVersion = 10.0.40219.1
Project("{FAE04EC0-301F-11D3-BF4B-00C04F79EFBC}") = "BasicSyntax(MORE_EXERCISE)", "BasicSyntax(MORE_EXERCISE)\BasicSyntax(MORE_EXERCISE).csproj", "{B68A4B46-79E1-45EF-85C8-B02D4514052F}"
EndProject
Global
	GlobalSection(SolutionConfigurationPlatforms) = preSolution
		Debug|Any CPU = Debug|Any CPU
		Release|Any CPU = Release|Any CPU
	EndGlobalSection
	GlobalSection(ProjectConfigurationPlatforms) = postSolution
		{B68A4B46-79E1-45EF-85C8-B02D4514052F}.Debug|Any CPU.ActiveCfg = Debug|Any CPU
		{B68A4B46-79E1-45EF-85C8-B02D4514052F}.Debug|Any CPU.Build.0 = Debug|Any CPU
		{B68A4B46-79E1-45EF-85C8-B02D4514052F}.Release|Any CPU.ActiveCfg = Release|Any CPU
		{B68A4B46-79E1-45EF-85C8-B02D4514052F}.Release|Any CPU.Build.0 = Release|Any CPU
	EndGlobalSection
	GlobalSection(SolutionProperties) = preSolution
		HideSolutionNode = FALSE
	EndGlobalSection
	GlobalSection(ExtensibilityGlobals) = postSolution
		SolutionGuid = {CDC3F6CB-5396-4991-BDBF-6D6D57E5CF5F}
	EndGlobalSection
EndGlobal
