
Microsoft Visual Studio Solution File, Format Version 12.00
Project("{FAE04EC0-301F-11D3-BF4B-00C04F79EFBC}") = "CircularQueue", "CircularQueue\CircularQueue.csproj", "{F938145A-C8D3-4169-B8BB-BF8FF8975EE4}"
EndProject
Project("{FAE04EC0-301F-11D3-BF4B-00C04F79EFBC}") = "CircularQueue.Tests", "CircularQueue.Tests\CircularQueue.Tests.csproj", "{C7419801-4FF1-4610-9F05-927C02613BF8}"
EndProject
Global
	GlobalSection(SolutionConfigurationPlatforms) = preSolution
		Debug|Any CPU = Debug|Any CPU
		Release|Any CPU = Release|Any CPU
	EndGlobalSection
	GlobalSection(ProjectConfigurationPlatforms) = postSolution
		{F938145A-C8D3-4169-B8BB-BF8FF8975EE4}.Debug|Any CPU.ActiveCfg = Debug|Any CPU
		{F938145A-C8D3-4169-B8BB-BF8FF8975EE4}.Debug|Any CPU.Build.0 = Debug|Any CPU
		{F938145A-C8D3-4169-B8BB-BF8FF8975EE4}.Release|Any CPU.ActiveCfg = Release|Any CPU
		{F938145A-C8D3-4169-B8BB-BF8FF8975EE4}.Release|Any CPU.Build.0 = Release|Any CPU
		{C7419801-4FF1-4610-9F05-927C02613BF8}.Debug|Any CPU.ActiveCfg = Debug|Any CPU
		{C7419801-4FF1-4610-9F05-927C02613BF8}.Debug|Any CPU.Build.0 = Debug|Any CPU
		{C7419801-4FF1-4610-9F05-927C02613BF8}.Release|Any CPU.ActiveCfg = Release|Any CPU
		{C7419801-4FF1-4610-9F05-927C02613BF8}.Release|Any CPU.Build.0 = Release|Any CPU
	EndGlobalSection
EndGlobal
