
Microsoft Visual Studio Solution File, Format Version 12.00
Project("{FAE04EC0-301F-11D3-BF4B-00C04F79EFBC}") = "SearchingAndSortExam", "SearchingAndSortExam\SearchingAndSortExam.csproj", "{CA551D34-0412-44F3-83B3-E86796B725B9}"
EndProject
Project("{FAE04EC0-301F-11D3-BF4B-00C04F79EFBC}") = "Ex1FindIndex", "Ex1FindIndex\Ex1FindIndex.csproj", "{FDF336D8-4A72-4DD6-A937-CF1E985EA38E}"
EndProject
Project("{FAE04EC0-301F-11D3-BF4B-00C04F79EFBC}") = "Ex2SpecialVariations", "Ex2SpecialVariations\Ex2SpecialVariations.csproj", "{E2C68649-36AD-4B7F-8986-C3CF596DC22C}"
EndProject
Project("{FAE04EC0-301F-11D3-BF4B-00C04F79EFBC}") = "Ex3MatrixPath", "Ex3MatrixPath\Ex3MatrixPath.csproj", "{F124EB69-F730-43BB-92C4-4913E027596C}"
EndProject
Global
	GlobalSection(SolutionConfigurationPlatforms) = preSolution
		Debug|Any CPU = Debug|Any CPU
		Release|Any CPU = Release|Any CPU
	EndGlobalSection
	GlobalSection(ProjectConfigurationPlatforms) = postSolution
		{CA551D34-0412-44F3-83B3-E86796B725B9}.Debug|Any CPU.ActiveCfg = Debug|Any CPU
		{CA551D34-0412-44F3-83B3-E86796B725B9}.Debug|Any CPU.Build.0 = Debug|Any CPU
		{CA551D34-0412-44F3-83B3-E86796B725B9}.Release|Any CPU.ActiveCfg = Release|Any CPU
		{CA551D34-0412-44F3-83B3-E86796B725B9}.Release|Any CPU.Build.0 = Release|Any CPU
		{FDF336D8-4A72-4DD6-A937-CF1E985EA38E}.Debug|Any CPU.ActiveCfg = Debug|Any CPU
		{FDF336D8-4A72-4DD6-A937-CF1E985EA38E}.Debug|Any CPU.Build.0 = Debug|Any CPU
		{FDF336D8-4A72-4DD6-A937-CF1E985EA38E}.Release|Any CPU.ActiveCfg = Release|Any CPU
		{FDF336D8-4A72-4DD6-A937-CF1E985EA38E}.Release|Any CPU.Build.0 = Release|Any CPU
		{E2C68649-36AD-4B7F-8986-C3CF596DC22C}.Debug|Any CPU.ActiveCfg = Debug|Any CPU
		{E2C68649-36AD-4B7F-8986-C3CF596DC22C}.Debug|Any CPU.Build.0 = Debug|Any CPU
		{E2C68649-36AD-4B7F-8986-C3CF596DC22C}.Release|Any CPU.ActiveCfg = Release|Any CPU
		{E2C68649-36AD-4B7F-8986-C3CF596DC22C}.Release|Any CPU.Build.0 = Release|Any CPU
		{F124EB69-F730-43BB-92C4-4913E027596C}.Debug|Any CPU.ActiveCfg = Debug|Any CPU
		{F124EB69-F730-43BB-92C4-4913E027596C}.Debug|Any CPU.Build.0 = Debug|Any CPU
		{F124EB69-F730-43BB-92C4-4913E027596C}.Release|Any CPU.ActiveCfg = Release|Any CPU
		{F124EB69-F730-43BB-92C4-4913E027596C}.Release|Any CPU.Build.0 = Release|Any CPU
	EndGlobalSection
EndGlobal
