
Microsoft Visual Studio Solution File, Format Version 12.00
# Visual Studio Version 16
VisualStudioVersion = 16.0.29102.190
MinimumVisualStudioVersion = 10.0.40219.1
Project("{FAE04EC0-301F-11D3-BF4B-00C04F79EFBC}") = "InterfacesAndAbstraction", "InterfacesAndAbstraction\InterfacesAndAbstraction.csproj", "{76E00EC1-79E3-4BB6-8ECC-465F50BB3E4F}"
EndProject
Global
	GlobalSection(SolutionConfigurationPlatforms) = preSolution
		Debug|Any CPU = Debug|Any CPU
		Release|Any CPU = Release|Any CPU
	EndGlobalSection
	GlobalSection(ProjectConfigurationPlatforms) = postSolution
		{76E00EC1-79E3-4BB6-8ECC-465F50BB3E4F}.Debug|Any CPU.ActiveCfg = Debug|Any CPU
		{76E00EC1-79E3-4BB6-8ECC-465F50BB3E4F}.Debug|Any CPU.Build.0 = Debug|Any CPU
		{76E00EC1-79E3-4BB6-8ECC-465F50BB3E4F}.Release|Any CPU.ActiveCfg = Release|Any CPU
		{76E00EC1-79E3-4BB6-8ECC-465F50BB3E4F}.Release|Any CPU.Build.0 = Release|Any CPU
	EndGlobalSection
	GlobalSection(SolutionProperties) = preSolution
		HideSolutionNode = FALSE
	EndGlobalSection
	GlobalSection(ExtensibilityGlobals) = postSolution
		SolutionGuid = {9520E08A-372A-4B32-8B5E-5B8575F4F02A}
	EndGlobalSection
EndGlobal
