
Microsoft Visual Studio Solution File, Format Version 12.00
# Visual Studio Version 16
VisualStudioVersion = 16.0.29102.190
MinimumVisualStudioVersion = 10.0.40219.1
Project("{FAE04EC0-301F-11D3-BF4B-00C04F79EFBC}") = "DataTypesAndVariables", "DataTypesAndVariables\DataTypesAndVariables.csproj", "{7FC1C374-3DE7-416B-92EF-A5D2D18616DA}"
EndProject
Global
	GlobalSection(SolutionConfigurationPlatforms) = preSolution
		Debug|Any CPU = Debug|Any CPU
		Release|Any CPU = Release|Any CPU
	EndGlobalSection
	GlobalSection(ProjectConfigurationPlatforms) = postSolution
		{7FC1C374-3DE7-416B-92EF-A5D2D18616DA}.Debug|Any CPU.ActiveCfg = Debug|Any CPU
		{7FC1C374-3DE7-416B-92EF-A5D2D18616DA}.Debug|Any CPU.Build.0 = Debug|Any CPU
		{7FC1C374-3DE7-416B-92EF-A5D2D18616DA}.Release|Any CPU.ActiveCfg = Release|Any CPU
		{7FC1C374-3DE7-416B-92EF-A5D2D18616DA}.Release|Any CPU.Build.0 = Release|Any CPU
	EndGlobalSection
	GlobalSection(SolutionProperties) = preSolution
		HideSolutionNode = FALSE
	EndGlobalSection
	GlobalSection(ExtensibilityGlobals) = postSolution
		SolutionGuid = {EC10797B-4010-4563-8CF5-44931275087A}
	EndGlobalSection
EndGlobal
