
Microsoft Visual Studio Solution File, Format Version 12.00
# Visual Studio Version 16
VisualStudioVersion = 16.0.29102.190
MinimumVisualStudioVersion = 10.0.40219.1
Project("{FAE04EC0-301F-11D3-BF4B-00C04F79EFBC}") = "Polymorphism(EXERCISE)", "Polymorphism(EXERCISE)\Polymorphism(EXERCISE).csproj", "{E198B93D-28EE-4915-A712-BA5682ED648E}"
EndProject
Global
	GlobalSection(SolutionConfigurationPlatforms) = preSolution
		Debug|Any CPU = Debug|Any CPU
		Release|Any CPU = Release|Any CPU
	EndGlobalSection
	GlobalSection(ProjectConfigurationPlatforms) = postSolution
		{E198B93D-28EE-4915-A712-BA5682ED648E}.Debug|Any CPU.ActiveCfg = Debug|Any CPU
		{E198B93D-28EE-4915-A712-BA5682ED648E}.Debug|Any CPU.Build.0 = Debug|Any CPU
		{E198B93D-28EE-4915-A712-BA5682ED648E}.Release|Any CPU.ActiveCfg = Release|Any CPU
		{E198B93D-28EE-4915-A712-BA5682ED648E}.Release|Any CPU.Build.0 = Release|Any CPU
	EndGlobalSection
	GlobalSection(SolutionProperties) = preSolution
		HideSolutionNode = FALSE
	EndGlobalSection
	GlobalSection(ExtensibilityGlobals) = postSolution
		SolutionGuid = {F8D4B8EA-E89B-4571-8EB6-DCD3D7FCD6CF}
	EndGlobalSection
EndGlobal
