
Microsoft Visual Studio Solution File, Format Version 12.00
# Visual Studio Version 16
VisualStudioVersion = 16.0.29102.190
MinimumVisualStudioVersion = 10.0.40219.1
Project("{FAE04EC0-301F-11D3-BF4B-00C04F79EFBC}") = "Encapsulation", "Encapsulation\Encapsulation.csproj", "{6AA5800A-FA78-4C5B-8642-5CFC7ECDB63C}"
EndProject
Global
	GlobalSection(SolutionConfigurationPlatforms) = preSolution
		Debug|Any CPU = Debug|Any CPU
		Release|Any CPU = Release|Any CPU
	EndGlobalSection
	GlobalSection(ProjectConfigurationPlatforms) = postSolution
		{6AA5800A-FA78-4C5B-8642-5CFC7ECDB63C}.Debug|Any CPU.ActiveCfg = Debug|Any CPU
		{6AA5800A-FA78-4C5B-8642-5CFC7ECDB63C}.Debug|Any CPU.Build.0 = Debug|Any CPU
		{6AA5800A-FA78-4C5B-8642-5CFC7ECDB63C}.Release|Any CPU.ActiveCfg = Release|Any CPU
		{6AA5800A-FA78-4C5B-8642-5CFC7ECDB63C}.Release|Any CPU.Build.0 = Release|Any CPU
	EndGlobalSection
	GlobalSection(SolutionProperties) = preSolution
		HideSolutionNode = FALSE
	EndGlobalSection
	GlobalSection(ExtensibilityGlobals) = postSolution
		SolutionGuid = {E1554A14-4583-46EB-9D16-53E24AB86816}
	EndGlobalSection
EndGlobal
