
Microsoft Visual Studio Solution File, Format Version 12.00
# Visual Studio Version 16
VisualStudioVersion = 16.0.29102.190
MinimumVisualStudioVersion = 10.0.40219.1
Project("{FAE04EC0-301F-11D3-BF4B-00C04F79EFBC}") = "Inheritrance", "Inheritrance\Inheritrance.csproj", "{413AD0A4-4565-4F40-82CF-892C537EA743}"
EndProject
Global
	GlobalSection(SolutionConfigurationPlatforms) = preSolution
		Debug|Any CPU = Debug|Any CPU
		Release|Any CPU = Release|Any CPU
	EndGlobalSection
	GlobalSection(ProjectConfigurationPlatforms) = postSolution
		{413AD0A4-4565-4F40-82CF-892C537EA743}.Debug|Any CPU.ActiveCfg = Debug|Any CPU
		{413AD0A4-4565-4F40-82CF-892C537EA743}.Debug|Any CPU.Build.0 = Debug|Any CPU
		{413AD0A4-4565-4F40-82CF-892C537EA743}.Release|Any CPU.ActiveCfg = Release|Any CPU
		{413AD0A4-4565-4F40-82CF-892C537EA743}.Release|Any CPU.Build.0 = Release|Any CPU
	EndGlobalSection
	GlobalSection(SolutionProperties) = preSolution
		HideSolutionNode = FALSE
	EndGlobalSection
	GlobalSection(ExtensibilityGlobals) = postSolution
		SolutionGuid = {27C23865-D583-4794-A110-38C3931F7E72}
	EndGlobalSection
EndGlobal
