
Microsoft Visual Studio Solution File, Format Version 12.00
Project("{FAE04EC0-301F-11D3-BF4B-00C04F79EFBC}") = "ParkingApp", "ParkingApp\ParkingApp.csproj", "{F4700F39-AF2B-4E47-8D6B-9716CD3802C6}"
EndProject
Global
	GlobalSection(SolutionConfigurationPlatforms) = preSolution
		Debug|Any CPU = Debug|Any CPU
		Release|Any CPU = Release|Any CPU
	EndGlobalSection
	GlobalSection(ProjectConfigurationPlatforms) = postSolution
		{F4700F39-AF2B-4E47-8D6B-9716CD3802C6}.Debug|Any CPU.ActiveCfg = Debug|Any CPU
		{F4700F39-AF2B-4E47-8D6B-9716CD3802C6}.Debug|Any CPU.Build.0 = Debug|Any CPU
		{F4700F39-AF2B-4E47-8D6B-9716CD3802C6}.Release|Any CPU.ActiveCfg = Release|Any CPU
		{F4700F39-AF2B-4E47-8D6B-9716CD3802C6}.Release|Any CPU.Build.0 = Release|Any CPU
	EndGlobalSection
EndGlobal
