
Microsoft Visual Studio Solution File, Format Version 12.00
Project("{FAE04EC0-301F-11D3-BF4B-00C04F79EFBC}") = "ImplementingDoubledLinkedList", "ImplementingDoubledLinkedList\ImplementingDoubledLinkedList.csproj", "{1E74C6DF-E87F-4C33-949C-8F4720344BEB}"
EndProject
Global
	GlobalSection(SolutionConfigurationPlatforms) = preSolution
		Debug|Any CPU = Debug|Any CPU
		Release|Any CPU = Release|Any CPU
	EndGlobalSection
	GlobalSection(ProjectConfigurationPlatforms) = postSolution
		{1E74C6DF-E87F-4C33-949C-8F4720344BEB}.Debug|Any CPU.ActiveCfg = Debug|Any CPU
		{1E74C6DF-E87F-4C33-949C-8F4720344BEB}.Debug|Any CPU.Build.0 = Debug|Any CPU
		{1E74C6DF-E87F-4C33-949C-8F4720344BEB}.Release|Any CPU.ActiveCfg = Release|Any CPU
		{1E74C6DF-E87F-4C33-949C-8F4720344BEB}.Release|Any CPU.Build.0 = Release|Any CPU
	EndGlobalSection
EndGlobal
