
Microsoft Visual Studio Solution File, Format Version 12.00
Project("{FAE04EC0-301F-11D3-BF4B-00C04F79EFBC}") = "Practice", "Practice\Practice.csproj", "{2E5DC7A7-E3D5-4568-BEE2-20D1518774B1}"
EndProject
Project("{FAE04EC0-301F-11D3-BF4B-00C04F79EFBC}") = "StateMachines", "StateMachines\StateMachines.csproj", "{B03B94FF-FF40-45D6-80EB-2EF3C1878955}"
EndProject
Project("{FAE04EC0-301F-11D3-BF4B-00C04F79EFBC}") = "FindBiggestSequence", "FindBiggestSequence\FindBiggestSequence.csproj", "{F704D292-A46F-48D7-9C13-677484C281B7}"
EndProject
Global
	GlobalSection(SolutionConfigurationPlatforms) = preSolution
		Debug|Any CPU = Debug|Any CPU
		Release|Any CPU = Release|Any CPU
	EndGlobalSection
	GlobalSection(ProjectConfigurationPlatforms) = postSolution
		{2E5DC7A7-E3D5-4568-BEE2-20D1518774B1}.Debug|Any CPU.ActiveCfg = Debug|Any CPU
		{2E5DC7A7-E3D5-4568-BEE2-20D1518774B1}.Debug|Any CPU.Build.0 = Debug|Any CPU
		{2E5DC7A7-E3D5-4568-BEE2-20D1518774B1}.Release|Any CPU.ActiveCfg = Release|Any CPU
		{2E5DC7A7-E3D5-4568-BEE2-20D1518774B1}.Release|Any CPU.Build.0 = Release|Any CPU
		{B03B94FF-FF40-45D6-80EB-2EF3C1878955}.Debug|Any CPU.ActiveCfg = Debug|Any CPU
		{B03B94FF-FF40-45D6-80EB-2EF3C1878955}.Debug|Any CPU.Build.0 = Debug|Any CPU
		{B03B94FF-FF40-45D6-80EB-2EF3C1878955}.Release|Any CPU.ActiveCfg = Release|Any CPU
		{B03B94FF-FF40-45D6-80EB-2EF3C1878955}.Release|Any CPU.Build.0 = Release|Any CPU
		{F704D292-A46F-48D7-9C13-677484C281B7}.Debug|Any CPU.ActiveCfg = Debug|Any CPU
		{F704D292-A46F-48D7-9C13-677484C281B7}.Debug|Any CPU.Build.0 = Debug|Any CPU
		{F704D292-A46F-48D7-9C13-677484C281B7}.Release|Any CPU.ActiveCfg = Release|Any CPU
		{F704D292-A46F-48D7-9C13-677484C281B7}.Release|Any CPU.Build.0 = Release|Any CPU
	EndGlobalSection
EndGlobal
