
Microsoft Visual Studio Solution File, Format Version 12.00
Project("{FAE04EC0-301F-11D3-BF4B-00C04F79EFBC}") = "Practice", "Practice\Practice.csproj", "{2E5DC7A7-E3D5-4568-BEE2-20D1518774B1}"
EndProject
Project("{FAE04EC0-301F-11D3-BF4B-00C04F79EFBC}") = "StateMachines", "StateMachines\StateMachines.csproj", "{B03B94FF-FF40-45D6-80EB-2EF3C1878955}"
EndProject
Project("{FAE04EC0-301F-11D3-BF4B-00C04F79EFBC}") = "FindBiggestSequence", "FindBiggestSequence\FindBiggestSequence.csproj", "{F704D292-A46F-48D7-9C13-677484C281B7}"
EndProject
Project("{FAE04EC0-301F-11D3-BF4B-00C04F79EFBC}") = "CalculatePI", "CalculatePI\CalculatePI.csproj", "{FD9F2D8F-3F6D-4657-98E6-E1A5BAE4BE14}"
EndProject
Project("{FAE04EC0-301F-11D3-BF4B-00C04F79EFBC}") = "IBAN", "IBAN\IBAN.csproj", "{990D16B6-3718-450F-A8A4-E17C9AE761AC}"
EndProject
Project("{FAE04EC0-301F-11D3-BF4B-00C04F79EFBC}") = "PointInCircle", "PointInCircle\PointInCircle.csproj", "{E725C6CF-55C6-474D-B09F-714F8F491D21}"
EndProject
Project("{FAE04EC0-301F-11D3-BF4B-00C04F79EFBC}") = "Fractions", "Fractions\Fractions.csproj", "{0C5AD082-C4D1-4674-B32C-F0E8D5472855}"
EndProject
Project("{FAE04EC0-301F-11D3-BF4B-00C04F79EFBC}") = "CalculateExpressions", "CalculateExpressions\CalculateExpressions.csproj", "{2AC9420F-8A46-4E6A-9633-E29880993938}"
EndProject
Project("{FAE04EC0-301F-11D3-BF4B-00C04F79EFBC}") = "Matrix", "Matrix\Matrix.csproj", "{67B9FCDF-C658-4769-9026-2551842FA8C2}"
EndProject
Global
	GlobalSection(SolutionConfigurationPlatforms) = preSolution
		Debug|Any CPU = Debug|Any CPU
		Release|Any CPU = Release|Any CPU
	EndGlobalSection
	GlobalSection(ProjectConfigurationPlatforms) = postSolution
		{2E5DC7A7-E3D5-4568-BEE2-20D1518774B1}.Debug|Any CPU.ActiveCfg = Debug|Any CPU
		{2E5DC7A7-E3D5-4568-BEE2-20D1518774B1}.Debug|Any CPU.Build.0 = Debug|Any CPU
		{2E5DC7A7-E3D5-4568-BEE2-20D1518774B1}.Release|Any CPU.ActiveCfg = Release|Any CPU
		{2E5DC7A7-E3D5-4568-BEE2-20D1518774B1}.Release|Any CPU.Build.0 = Release|Any CPU
		{B03B94FF-FF40-45D6-80EB-2EF3C1878955}.Debug|Any CPU.ActiveCfg = Debug|Any CPU
		{B03B94FF-FF40-45D6-80EB-2EF3C1878955}.Debug|Any CPU.Build.0 = Debug|Any CPU
		{B03B94FF-FF40-45D6-80EB-2EF3C1878955}.Release|Any CPU.ActiveCfg = Release|Any CPU
		{B03B94FF-FF40-45D6-80EB-2EF3C1878955}.Release|Any CPU.Build.0 = Release|Any CPU
		{F704D292-A46F-48D7-9C13-677484C281B7}.Debug|Any CPU.ActiveCfg = Debug|Any CPU
		{F704D292-A46F-48D7-9C13-677484C281B7}.Debug|Any CPU.Build.0 = Debug|Any CPU
		{F704D292-A46F-48D7-9C13-677484C281B7}.Release|Any CPU.ActiveCfg = Release|Any CPU
		{F704D292-A46F-48D7-9C13-677484C281B7}.Release|Any CPU.Build.0 = Release|Any CPU
		{FD9F2D8F-3F6D-4657-98E6-E1A5BAE4BE14}.Debug|Any CPU.ActiveCfg = Debug|Any CPU
		{FD9F2D8F-3F6D-4657-98E6-E1A5BAE4BE14}.Debug|Any CPU.Build.0 = Debug|Any CPU
		{FD9F2D8F-3F6D-4657-98E6-E1A5BAE4BE14}.Release|Any CPU.ActiveCfg = Release|Any CPU
		{FD9F2D8F-3F6D-4657-98E6-E1A5BAE4BE14}.Release|Any CPU.Build.0 = Release|Any CPU
		{990D16B6-3718-450F-A8A4-E17C9AE761AC}.Debug|Any CPU.ActiveCfg = Debug|Any CPU
		{990D16B6-3718-450F-A8A4-E17C9AE761AC}.Debug|Any CPU.Build.0 = Debug|Any CPU
		{990D16B6-3718-450F-A8A4-E17C9AE761AC}.Release|Any CPU.ActiveCfg = Release|Any CPU
		{990D16B6-3718-450F-A8A4-E17C9AE761AC}.Release|Any CPU.Build.0 = Release|Any CPU
		{E725C6CF-55C6-474D-B09F-714F8F491D21}.Debug|Any CPU.ActiveCfg = Debug|Any CPU
		{E725C6CF-55C6-474D-B09F-714F8F491D21}.Debug|Any CPU.Build.0 = Debug|Any CPU
		{E725C6CF-55C6-474D-B09F-714F8F491D21}.Release|Any CPU.ActiveCfg = Release|Any CPU
		{E725C6CF-55C6-474D-B09F-714F8F491D21}.Release|Any CPU.Build.0 = Release|Any CPU
		{0C5AD082-C4D1-4674-B32C-F0E8D5472855}.Debug|Any CPU.ActiveCfg = Debug|Any CPU
		{0C5AD082-C4D1-4674-B32C-F0E8D5472855}.Debug|Any CPU.Build.0 = Debug|Any CPU
		{0C5AD082-C4D1-4674-B32C-F0E8D5472855}.Release|Any CPU.ActiveCfg = Release|Any CPU
		{0C5AD082-C4D1-4674-B32C-F0E8D5472855}.Release|Any CPU.Build.0 = Release|Any CPU
		{2AC9420F-8A46-4E6A-9633-E29880993938}.Debug|Any CPU.ActiveCfg = Debug|Any CPU
		{2AC9420F-8A46-4E6A-9633-E29880993938}.Debug|Any CPU.Build.0 = Debug|Any CPU
		{2AC9420F-8A46-4E6A-9633-E29880993938}.Release|Any CPU.ActiveCfg = Release|Any CPU
		{2AC9420F-8A46-4E6A-9633-E29880993938}.Release|Any CPU.Build.0 = Release|Any CPU
		{67B9FCDF-C658-4769-9026-2551842FA8C2}.Debug|Any CPU.ActiveCfg = Debug|Any CPU
		{67B9FCDF-C658-4769-9026-2551842FA8C2}.Debug|Any CPU.Build.0 = Debug|Any CPU
		{67B9FCDF-C658-4769-9026-2551842FA8C2}.Release|Any CPU.ActiveCfg = Release|Any CPU
		{67B9FCDF-C658-4769-9026-2551842FA8C2}.Release|Any CPU.Build.0 = Release|Any CPU
	EndGlobalSection
EndGlobal
