
Microsoft Visual Studio Solution File, Format Version 12.00
Project("{FAE04EC0-301F-11D3-BF4B-00C04F79EFBC}") = "Revision", "Revision\Revision.csproj", "{84D79B99-3522-4124-826D-8BC9BF54CF49}"
EndProject
Project("{FAE04EC0-301F-11D3-BF4B-00C04F79EFBC}") = "Ex1SomethingInCommon", "Ex1SomethingInCommon\Ex1SomethingInCommon.csproj", "{62FFD605-1284-4082-812E-712EA170F88C}"
EndProject
Project("{FAE04EC0-301F-11D3-BF4B-00C04F79EFBC}") = "Ex2EverythingInCommon", "Ex2EverythingInCommon\Ex2EverythingInCommon.csproj", "{08A436C0-A5B0-43B6-B96B-44AF386FCF88}"
EndProject
Project("{FAE04EC0-301F-11D3-BF4B-00C04F79EFBC}") = "Ex3NothingInCommon", "Ex3NothingInCommon\Ex3NothingInCommon.csproj", "{1ECB0F3E-DE3A-4844-8CD7-B9C0DE9AFC7E}"
EndProject
Project("{FAE04EC0-301F-11D3-BF4B-00C04F79EFBC}") = "Ex1Names", "Ex1Names\Ex1Names.csproj", "{96664D01-4738-417A-B398-92A3D567D514}"
EndProject
Project("{FAE04EC0-301F-11D3-BF4B-00C04F79EFBC}") = "Ex2OrderStudents", "Ex2OrderStudents\Ex2OrderStudents.csproj", "{DFE742CD-DF34-4866-95C6-3467D7F46CBD}"
EndProject
Project("{FAE04EC0-301F-11D3-BF4B-00C04F79EFBC}") = "Ex3CheckStudents", "Ex3CheckStudents\Ex3CheckStudents.csproj", "{FDC5BB5B-3FE4-4019-9F08-CE57C8F6C466}"
EndProject
Project("{FAE04EC0-301F-11D3-BF4B-00C04F79EFBC}") = "Ex1RepeatedNames", "Ex1RepeatedNames\Ex1RepeatedNames.csproj", "{54863474-E2E1-4754-B34F-6357099E93BF}"
EndProject
Project("{FAE04EC0-301F-11D3-BF4B-00C04F79EFBC}") = "Ex2ReadAndCount", "Ex2ReadAndCount\Ex2ReadAndCount.csproj", "{48AC74F7-08D5-4977-9026-ED0ECFA65E8A}"
EndProject
Project("{FAE04EC0-301F-11D3-BF4B-00C04F79EFBC}") = "Ex3Classification", "Ex3Classification\Ex3Classification.csproj", "{C546220B-AC6C-4970-BB7B-FBF537DFC163}"
EndProject
Project("{FAE04EC0-301F-11D3-BF4B-00C04F79EFBC}") = "Ex1Test", "Ex1Test\Ex1Test.csproj", "{9742710A-9791-4D83-A05B-BF19F988B90E}"
EndProject
Project("{FAE04EC0-301F-11D3-BF4B-00C04F79EFBC}") = "Ex2Test", "Ex2Test\Ex2Test.csproj", "{0DB5E684-0817-40BA-9347-2295B337BDDC}"
EndProject
Project("{FAE04EC0-301F-11D3-BF4B-00C04F79EFBC}") = "Ex3Test", "Ex3Test\Ex3Test.csproj", "{82D3710A-39A4-4FEF-80D0-178E2818DDD7}"
EndProject
Global
	GlobalSection(SolutionConfigurationPlatforms) = preSolution
		Debug|Any CPU = Debug|Any CPU
		Release|Any CPU = Release|Any CPU
	EndGlobalSection
	GlobalSection(ProjectConfigurationPlatforms) = postSolution
		{84D79B99-3522-4124-826D-8BC9BF54CF49}.Debug|Any CPU.ActiveCfg = Debug|Any CPU
		{84D79B99-3522-4124-826D-8BC9BF54CF49}.Debug|Any CPU.Build.0 = Debug|Any CPU
		{84D79B99-3522-4124-826D-8BC9BF54CF49}.Release|Any CPU.ActiveCfg = Release|Any CPU
		{84D79B99-3522-4124-826D-8BC9BF54CF49}.Release|Any CPU.Build.0 = Release|Any CPU
		{62FFD605-1284-4082-812E-712EA170F88C}.Debug|Any CPU.ActiveCfg = Debug|Any CPU
		{62FFD605-1284-4082-812E-712EA170F88C}.Debug|Any CPU.Build.0 = Debug|Any CPU
		{62FFD605-1284-4082-812E-712EA170F88C}.Release|Any CPU.ActiveCfg = Release|Any CPU
		{62FFD605-1284-4082-812E-712EA170F88C}.Release|Any CPU.Build.0 = Release|Any CPU
		{08A436C0-A5B0-43B6-B96B-44AF386FCF88}.Debug|Any CPU.ActiveCfg = Debug|Any CPU
		{08A436C0-A5B0-43B6-B96B-44AF386FCF88}.Debug|Any CPU.Build.0 = Debug|Any CPU
		{08A436C0-A5B0-43B6-B96B-44AF386FCF88}.Release|Any CPU.ActiveCfg = Release|Any CPU
		{08A436C0-A5B0-43B6-B96B-44AF386FCF88}.Release|Any CPU.Build.0 = Release|Any CPU
		{1ECB0F3E-DE3A-4844-8CD7-B9C0DE9AFC7E}.Debug|Any CPU.ActiveCfg = Debug|Any CPU
		{1ECB0F3E-DE3A-4844-8CD7-B9C0DE9AFC7E}.Debug|Any CPU.Build.0 = Debug|Any CPU
		{1ECB0F3E-DE3A-4844-8CD7-B9C0DE9AFC7E}.Release|Any CPU.ActiveCfg = Release|Any CPU
		{1ECB0F3E-DE3A-4844-8CD7-B9C0DE9AFC7E}.Release|Any CPU.Build.0 = Release|Any CPU
		{96664D01-4738-417A-B398-92A3D567D514}.Debug|Any CPU.ActiveCfg = Debug|Any CPU
		{96664D01-4738-417A-B398-92A3D567D514}.Debug|Any CPU.Build.0 = Debug|Any CPU
		{96664D01-4738-417A-B398-92A3D567D514}.Release|Any CPU.ActiveCfg = Release|Any CPU
		{96664D01-4738-417A-B398-92A3D567D514}.Release|Any CPU.Build.0 = Release|Any CPU
		{DFE742CD-DF34-4866-95C6-3467D7F46CBD}.Debug|Any CPU.ActiveCfg = Debug|Any CPU
		{DFE742CD-DF34-4866-95C6-3467D7F46CBD}.Debug|Any CPU.Build.0 = Debug|Any CPU
		{DFE742CD-DF34-4866-95C6-3467D7F46CBD}.Release|Any CPU.ActiveCfg = Release|Any CPU
		{DFE742CD-DF34-4866-95C6-3467D7F46CBD}.Release|Any CPU.Build.0 = Release|Any CPU
		{FDC5BB5B-3FE4-4019-9F08-CE57C8F6C466}.Debug|Any CPU.ActiveCfg = Debug|Any CPU
		{FDC5BB5B-3FE4-4019-9F08-CE57C8F6C466}.Debug|Any CPU.Build.0 = Debug|Any CPU
		{FDC5BB5B-3FE4-4019-9F08-CE57C8F6C466}.Release|Any CPU.ActiveCfg = Release|Any CPU
		{FDC5BB5B-3FE4-4019-9F08-CE57C8F6C466}.Release|Any CPU.Build.0 = Release|Any CPU
		{54863474-E2E1-4754-B34F-6357099E93BF}.Debug|Any CPU.ActiveCfg = Debug|Any CPU
		{54863474-E2E1-4754-B34F-6357099E93BF}.Debug|Any CPU.Build.0 = Debug|Any CPU
		{54863474-E2E1-4754-B34F-6357099E93BF}.Release|Any CPU.ActiveCfg = Release|Any CPU
		{54863474-E2E1-4754-B34F-6357099E93BF}.Release|Any CPU.Build.0 = Release|Any CPU
		{48AC74F7-08D5-4977-9026-ED0ECFA65E8A}.Debug|Any CPU.ActiveCfg = Debug|Any CPU
		{48AC74F7-08D5-4977-9026-ED0ECFA65E8A}.Debug|Any CPU.Build.0 = Debug|Any CPU
		{48AC74F7-08D5-4977-9026-ED0ECFA65E8A}.Release|Any CPU.ActiveCfg = Release|Any CPU
		{48AC74F7-08D5-4977-9026-ED0ECFA65E8A}.Release|Any CPU.Build.0 = Release|Any CPU
		{C546220B-AC6C-4970-BB7B-FBF537DFC163}.Debug|Any CPU.ActiveCfg = Debug|Any CPU
		{C546220B-AC6C-4970-BB7B-FBF537DFC163}.Debug|Any CPU.Build.0 = Debug|Any CPU
		{C546220B-AC6C-4970-BB7B-FBF537DFC163}.Release|Any CPU.ActiveCfg = Release|Any CPU
		{C546220B-AC6C-4970-BB7B-FBF537DFC163}.Release|Any CPU.Build.0 = Release|Any CPU
		{9742710A-9791-4D83-A05B-BF19F988B90E}.Debug|Any CPU.ActiveCfg = Debug|Any CPU
		{9742710A-9791-4D83-A05B-BF19F988B90E}.Debug|Any CPU.Build.0 = Debug|Any CPU
		{9742710A-9791-4D83-A05B-BF19F988B90E}.Release|Any CPU.ActiveCfg = Release|Any CPU
		{9742710A-9791-4D83-A05B-BF19F988B90E}.Release|Any CPU.Build.0 = Release|Any CPU
		{0DB5E684-0817-40BA-9347-2295B337BDDC}.Debug|Any CPU.ActiveCfg = Debug|Any CPU
		{0DB5E684-0817-40BA-9347-2295B337BDDC}.Debug|Any CPU.Build.0 = Debug|Any CPU
		{0DB5E684-0817-40BA-9347-2295B337BDDC}.Release|Any CPU.ActiveCfg = Release|Any CPU
		{0DB5E684-0817-40BA-9347-2295B337BDDC}.Release|Any CPU.Build.0 = Release|Any CPU
		{82D3710A-39A4-4FEF-80D0-178E2818DDD7}.Debug|Any CPU.ActiveCfg = Debug|Any CPU
		{82D3710A-39A4-4FEF-80D0-178E2818DDD7}.Debug|Any CPU.Build.0 = Debug|Any CPU
		{82D3710A-39A4-4FEF-80D0-178E2818DDD7}.Release|Any CPU.ActiveCfg = Release|Any CPU
		{82D3710A-39A4-4FEF-80D0-178E2818DDD7}.Release|Any CPU.Build.0 = Release|Any CPU
	EndGlobalSection
EndGlobal
