
Microsoft Visual Studio Solution File, Format Version 12.00
# Visual Studio Version 16
VisualStudioVersion = 16.0.29102.190
MinimumVisualStudioVersion = 10.0.40219.1
Project("{FAE04EC0-301F-11D3-BF4B-00C04F79EFBC}") = "SetsAndDictionariesAdvanced", "SetsAndDictionariesAdvanced\SetsAndDictionariesAdvanced.csproj", "{24A710E2-777F-444B-B4C3-4169F789265C}"
EndProject
Global
	GlobalSection(SolutionConfigurationPlatforms) = preSolution
		Debug|Any CPU = Debug|Any CPU
		Release|Any CPU = Release|Any CPU
	EndGlobalSection
	GlobalSection(ProjectConfigurationPlatforms) = postSolution
		{24A710E2-777F-444B-B4C3-4169F789265C}.Debug|Any CPU.ActiveCfg = Debug|Any CPU
		{24A710E2-777F-444B-B4C3-4169F789265C}.Debug|Any CPU.Build.0 = Debug|Any CPU
		{24A710E2-777F-444B-B4C3-4169F789265C}.Release|Any CPU.ActiveCfg = Release|Any CPU
		{24A710E2-777F-444B-B4C3-4169F789265C}.Release|Any CPU.Build.0 = Release|Any CPU
	EndGlobalSection
	GlobalSection(SolutionProperties) = preSolution
		HideSolutionNode = FALSE
	EndGlobalSection
	GlobalSection(ExtensibilityGlobals) = postSolution
		SolutionGuid = {3AF40E0C-34C7-4CAA-9BEF-C0BBB205CD5F}
	EndGlobalSection
EndGlobal
