
Microsoft Visual Studio Solution File, Format Version 12.00
# Visual Studio Version 17
VisualStudioVersion = 17.2.32519.379
MinimumVisualStudioVersion = 10.0.40219.1
Project("{FAE04EC0-301F-11D3-BF4B-00C04F79EFBC}") = "SeleniumTestsProject", "SeleniumTestsProject.csproj", "{35C0FAFA-0893-47D2-9761-8A6980DA357C}"
EndProject
Global
	GlobalSection(SolutionConfigurationPlatforms) = preSolution
		Debug|Any CPU = Debug|Any CPU
		Release|Any CPU = Release|Any CPU
	EndGlobalSection
	GlobalSection(ProjectConfigurationPlatforms) = postSolution
		{35C0FAFA-0893-47D2-9761-8A6980DA357C}.Debug|Any CPU.ActiveCfg = Debug|Any CPU
		{35C0FAFA-0893-47D2-9761-8A6980DA357C}.Debug|Any CPU.Build.0 = Debug|Any CPU
		{35C0FAFA-0893-47D2-9761-8A6980DA357C}.Release|Any CPU.ActiveCfg = Release|Any CPU
		{35C0FAFA-0893-47D2-9761-8A6980DA357C}.Release|Any CPU.Build.0 = Release|Any CPU
	EndGlobalSection
	GlobalSection(SolutionProperties) = preSolution
		HideSolutionNode = FALSE
	EndGlobalSection
	GlobalSection(ExtensibilityGlobals) = postSolution
		SolutionGuid = {33425E3C-56AE-4182-B6A2-C7F0282DA221}
	EndGlobalSection
EndGlobal
