
Microsoft Visual Studio Solution File, Format Version 12.00
Project("{FAE04EC0-301F-11D3-BF4B-00C04F79EFBC}") = "DataStructures", "DataStructures\DataStructures.csproj", "{3ABC42C0-B6C0-4D91-8490-A6846840AC34}"
EndProject
Global
	GlobalSection(SolutionConfigurationPlatforms) = preSolution
		Debug|Any CPU = Debug|Any CPU
		Release|Any CPU = Release|Any CPU
	EndGlobalSection
	GlobalSection(ProjectConfigurationPlatforms) = postSolution
		{3ABC42C0-B6C0-4D91-8490-A6846840AC34}.Debug|Any CPU.ActiveCfg = Debug|Any CPU
		{3ABC42C0-B6C0-4D91-8490-A6846840AC34}.Debug|Any CPU.Build.0 = Debug|Any CPU
		{3ABC42C0-B6C0-4D91-8490-A6846840AC34}.Release|Any CPU.ActiveCfg = Release|Any CPU
		{3ABC42C0-B6C0-4D91-8490-A6846840AC34}.Release|Any CPU.Build.0 = Release|Any CPU
	EndGlobalSection
EndGlobal
