
Microsoft Visual Studio Solution File, Format Version 12.00
# Visual Studio Version 16
VisualStudioVersion = 16.0.29102.190
MinimumVisualStudioVersion = 10.0.40219.1
Project("{FAE04EC0-301F-11D3-BF4B-00C04F79EFBC}") = "ForLoop(EXERCISE)", "ForLoop(EXERCISE)\ForLoop(EXERCISE).csproj", "{37F3FCD3-592E-499B-9BA3-7112053DF408}"
EndProject
Global
	GlobalSection(SolutionConfigurationPlatforms) = preSolution
		Debug|Any CPU = Debug|Any CPU
		Release|Any CPU = Release|Any CPU
	EndGlobalSection
	GlobalSection(ProjectConfigurationPlatforms) = postSolution
		{37F3FCD3-592E-499B-9BA3-7112053DF408}.Debug|Any CPU.ActiveCfg = Debug|Any CPU
		{37F3FCD3-592E-499B-9BA3-7112053DF408}.Debug|Any CPU.Build.0 = Debug|Any CPU
		{37F3FCD3-592E-499B-9BA3-7112053DF408}.Release|Any CPU.ActiveCfg = Release|Any CPU
		{37F3FCD3-592E-499B-9BA3-7112053DF408}.Release|Any CPU.Build.0 = Release|Any CPU
	EndGlobalSection
	GlobalSection(SolutionProperties) = preSolution
		HideSolutionNode = FALSE
	EndGlobalSection
	GlobalSection(ExtensibilityGlobals) = postSolution
		SolutionGuid = {055AFE5E-CFA4-41F0-9CE9-46491D955CB5}
	EndGlobalSection
EndGlobal
