
Microsoft Visual Studio Solution File, Format Version 12.00
# Visual Studio Version 16
VisualStudioVersion = 16.0.29102.190
MinimumVisualStudioVersion = 10.0.40219.1
Project("{FAE04EC0-301F-11D3-BF4B-00C04F79EFBC}") = "TextProcessing(MORE_EXERCISE)", "TextProcessing(MORE_EXERCISE)\TextProcessing(MORE_EXERCISE).csproj", "{8D6EC270-82EF-4C18-8DD4-5E46658538FB}"
EndProject
Global
	GlobalSection(SolutionConfigurationPlatforms) = preSolution
		Debug|Any CPU = Debug|Any CPU
		Release|Any CPU = Release|Any CPU
	EndGlobalSection
	GlobalSection(ProjectConfigurationPlatforms) = postSolution
		{8D6EC270-82EF-4C18-8DD4-5E46658538FB}.Debug|Any CPU.ActiveCfg = Debug|Any CPU
		{8D6EC270-82EF-4C18-8DD4-5E46658538FB}.Debug|Any CPU.Build.0 = Debug|Any CPU
		{8D6EC270-82EF-4C18-8DD4-5E46658538FB}.Release|Any CPU.ActiveCfg = Release|Any CPU
		{8D6EC270-82EF-4C18-8DD4-5E46658538FB}.Release|Any CPU.Build.0 = Release|Any CPU
	EndGlobalSection
	GlobalSection(SolutionProperties) = preSolution
		HideSolutionNode = FALSE
	EndGlobalSection
	GlobalSection(ExtensibilityGlobals) = postSolution
		SolutionGuid = {8BA09806-CB2E-4540-BEDC-4035119A96D0}
	EndGlobalSection
EndGlobal
