
Microsoft Visual Studio Solution File, Format Version 12.00
Project("{FAE04EC0-301F-11D3-BF4B-00C04F79EFBC}") = "FinalProject", "FinalProject\FinalProject.csproj", "{CA30CB23-6138-42BB-9A8B-4EE22C2637FD}"
EndProject
Global
	GlobalSection(SolutionConfigurationPlatforms) = preSolution
		Debug|Any CPU = Debug|Any CPU
		Release|Any CPU = Release|Any CPU
	EndGlobalSection
	GlobalSection(ProjectConfigurationPlatforms) = postSolution
		{CA30CB23-6138-42BB-9A8B-4EE22C2637FD}.Debug|Any CPU.ActiveCfg = Debug|Any CPU
		{CA30CB23-6138-42BB-9A8B-4EE22C2637FD}.Debug|Any CPU.Build.0 = Debug|Any CPU
		{CA30CB23-6138-42BB-9A8B-4EE22C2637FD}.Release|Any CPU.ActiveCfg = Release|Any CPU
		{CA30CB23-6138-42BB-9A8B-4EE22C2637FD}.Release|Any CPU.Build.0 = Release|Any CPU
	EndGlobalSection
EndGlobal
