
Microsoft Visual Studio Solution File, Format Version 12.00
# Visual Studio Version 17
VisualStudioVersion = 17.0.31912.275
MinimumVisualStudioVersion = 10.0.40219.1
Project("{FAE04EC0-301F-11D3-BF4B-00C04F79EFBC}") = "DatabaseFirstDemo", "DatabaseFirstDemo\DatabaseFirstDemo.csproj", "{4A4CB15C-AA61-4145-9275-4DA08F2524BC}"
EndProject
Global
	GlobalSection(SolutionConfigurationPlatforms) = preSolution
		Debug|Any CPU = Debug|Any CPU
		Release|Any CPU = Release|Any CPU
	EndGlobalSection
	GlobalSection(ProjectConfigurationPlatforms) = postSolution
		{4A4CB15C-AA61-4145-9275-4DA08F2524BC}.Debug|Any CPU.ActiveCfg = Debug|Any CPU
		{4A4CB15C-AA61-4145-9275-4DA08F2524BC}.Debug|Any CPU.Build.0 = Debug|Any CPU
		{4A4CB15C-AA61-4145-9275-4DA08F2524BC}.Release|Any CPU.ActiveCfg = Release|Any CPU
		{4A4CB15C-AA61-4145-9275-4DA08F2524BC}.Release|Any CPU.Build.0 = Release|Any CPU
	EndGlobalSection
	GlobalSection(SolutionProperties) = preSolution
		HideSolutionNode = FALSE
	EndGlobalSection
	GlobalSection(ExtensibilityGlobals) = postSolution
		SolutionGuid = {BE55823B-E358-4F60-9375-941AF92142B6}
	EndGlobalSection
EndGlobal
