
Microsoft Visual Studio Solution File, Format Version 12.00
# Visual Studio Version 16
VisualStudioVersion = 16.0.29102.190
MinimumVisualStudioVersion = 10.0.40219.1
Project("{FAE04EC0-301F-11D3-BF4B-00C04F79EFBC}") = "Polymorphism", "Polymorphism\Polymorphism.csproj", "{6C236732-4FEE-4AED-8567-DADAB78F5BAC}"
EndProject
Global
	GlobalSection(SolutionConfigurationPlatforms) = preSolution
		Debug|Any CPU = Debug|Any CPU
		Release|Any CPU = Release|Any CPU
	EndGlobalSection
	GlobalSection(ProjectConfigurationPlatforms) = postSolution
		{6C236732-4FEE-4AED-8567-DADAB78F5BAC}.Debug|Any CPU.ActiveCfg = Debug|Any CPU
		{6C236732-4FEE-4AED-8567-DADAB78F5BAC}.Debug|Any CPU.Build.0 = Debug|Any CPU
		{6C236732-4FEE-4AED-8567-DADAB78F5BAC}.Release|Any CPU.ActiveCfg = Release|Any CPU
		{6C236732-4FEE-4AED-8567-DADAB78F5BAC}.Release|Any CPU.Build.0 = Release|Any CPU
	EndGlobalSection
	GlobalSection(SolutionProperties) = preSolution
		HideSolutionNode = FALSE
	EndGlobalSection
	GlobalSection(ExtensibilityGlobals) = postSolution
		SolutionGuid = {C9AB4FDE-E089-4C37-83DB-4D8136EF888D}
	EndGlobalSection
EndGlobal
