
Microsoft Visual Studio Solution File, Format Version 12.00
# Visual Studio Version 16
VisualStudioVersion = 16.0.29102.190
MinimumVisualStudioVersion = 10.0.40219.1
Project("{FAE04EC0-301F-11D3-BF4B-00C04F79EFBC}") = "ForLoop", "ForLoop\ForLoop.csproj", "{27DFE41A-64B8-4420-9D61-E0B03CBA7A7A}"
EndProject
Global
	GlobalSection(SolutionConfigurationPlatforms) = preSolution
		Debug|Any CPU = Debug|Any CPU
		Release|Any CPU = Release|Any CPU
	EndGlobalSection
	GlobalSection(ProjectConfigurationPlatforms) = postSolution
		{27DFE41A-64B8-4420-9D61-E0B03CBA7A7A}.Debug|Any CPU.ActiveCfg = Debug|Any CPU
		{27DFE41A-64B8-4420-9D61-E0B03CBA7A7A}.Debug|Any CPU.Build.0 = Debug|Any CPU
		{27DFE41A-64B8-4420-9D61-E0B03CBA7A7A}.Release|Any CPU.ActiveCfg = Release|Any CPU
		{27DFE41A-64B8-4420-9D61-E0B03CBA7A7A}.Release|Any CPU.Build.0 = Release|Any CPU
	EndGlobalSection
	GlobalSection(SolutionProperties) = preSolution
		HideSolutionNode = FALSE
	EndGlobalSection
	GlobalSection(ExtensibilityGlobals) = postSolution
		SolutionGuid = {EB46ACCA-EF9D-4F3B-831E-473A83F3A468}
	EndGlobalSection
EndGlobal
