
Microsoft Visual Studio Solution File, Format Version 12.00
# Visual Studio Version 16
VisualStudioVersion = 16.0.29102.190
MinimumVisualStudioVersion = 10.0.40219.1
Project("{FAE04EC0-301F-11D3-BF4B-00C04F79EFBC}") = "ReflectionAndAttributes", "ReflectionAndAttributes\ReflectionAndAttributes.csproj", "{5EDE6F91-24D8-47F9-83F8-FE34A90387C9}"
EndProject
Global
	GlobalSection(SolutionConfigurationPlatforms) = preSolution
		Debug|Any CPU = Debug|Any CPU
		Release|Any CPU = Release|Any CPU
	EndGlobalSection
	GlobalSection(ProjectConfigurationPlatforms) = postSolution
		{5EDE6F91-24D8-47F9-83F8-FE34A90387C9}.Debug|Any CPU.ActiveCfg = Debug|Any CPU
		{5EDE6F91-24D8-47F9-83F8-FE34A90387C9}.Debug|Any CPU.Build.0 = Debug|Any CPU
		{5EDE6F91-24D8-47F9-83F8-FE34A90387C9}.Release|Any CPU.ActiveCfg = Release|Any CPU
		{5EDE6F91-24D8-47F9-83F8-FE34A90387C9}.Release|Any CPU.Build.0 = Release|Any CPU
	EndGlobalSection
	GlobalSection(SolutionProperties) = preSolution
		HideSolutionNode = FALSE
	EndGlobalSection
	GlobalSection(ExtensibilityGlobals) = postSolution
		SolutionGuid = {90269283-589B-454E-B480-3E33A78DB4F8}
	EndGlobalSection
EndGlobal
