
Microsoft Visual Studio Solution File, Format Version 12.00
Project("{FAE04EC0-301F-11D3-BF4B-00C04F79EFBC}") = "Ex1", "Ex1\Ex1.csproj", "{3EE99E46-C369-4958-BE2F-CF5CCCF6F394}"
EndProject
Project("{FAE04EC0-301F-11D3-BF4B-00C04F79EFBC}") = "Ex2", "Ex2\Ex2.csproj", "{0DAA1B23-9B18-463F-ACBB-FE00D205BAC0}"
EndProject
Project("{FAE04EC0-301F-11D3-BF4B-00C04F79EFBC}") = "Ex3", "Ex3\Ex3.csproj", "{443FE63A-44CC-4BC3-9F47-E37D6D011B66}"
EndProject
Project("{FAE04EC0-301F-11D3-BF4B-00C04F79EFBC}") = "Ex4", "Ex4\Ex4.csproj", "{682CAEFE-0E20-4936-B821-AF13E6D00194}"
EndProject
Project("{FAE04EC0-301F-11D3-BF4B-00C04F79EFBC}") = "Ex5", "Ex5\Ex5.csproj", "{EEA6F143-789A-4093-9AD5-057240C9D7AE}"
EndProject
Project("{FAE04EC0-301F-11D3-BF4B-00C04F79EFBC}") = "Ex6", "Ex6\Ex6.csproj", "{C2D3492D-8A5C-4E31-8E34-AC32D645871C}"
EndProject
Project("{FAE04EC0-301F-11D3-BF4B-00C04F79EFBC}") = "Ex7", "Ex7\Ex7.csproj", "{FE0D3A2D-F1C0-478F-8845-E6D97803EA49}"
EndProject
Project("{FAE04EC0-301F-11D3-BF4B-00C04F79EFBC}") = "Ex8", "Ex8\Ex8.csproj", "{DF784A19-6D0A-42B0-9241-5251799C53FF}"
EndProject
Project("{FAE04EC0-301F-11D3-BF4B-00C04F79EFBC}") = "Ex9", "Ex9\Ex9.csproj", "{7F0B9DB2-3862-4E12-9D7A-1BE6D1225CC6}"
EndProject
Project("{FAE04EC0-301F-11D3-BF4B-00C04F79EFBC}") = "Ex10", "Ex10\Ex10.csproj", "{63146B37-BCF9-48C2-9432-F8EE2FBB262D}"
EndProject
Project("{FAE04EC0-301F-11D3-BF4B-00C04F79EFBC}") = "ExTest", "ExTest\ExTest.csproj", "{402E8052-9670-436D-8372-8E5343B7024A}"
EndProject
Project("{FAE04EC0-301F-11D3-BF4B-00C04F79EFBC}") = "Ex11", "Ex11\Ex11.csproj", "{B84C0995-3775-43A4-8260-62EC0B04F679}"
EndProject
Project("{FAE04EC0-301F-11D3-BF4B-00C04F79EFBC}") = "Ex12", "Ex12\Ex12.csproj", "{DC021286-3D95-4735-8119-8997A4A777A6}"
EndProject
Project("{FAE04EC0-301F-11D3-BF4B-00C04F79EFBC}") = "Ex13", "Ex13\Ex13.csproj", "{391F935E-478B-42D5-9057-C4A159207803}"
EndProject
Global
	GlobalSection(SolutionConfigurationPlatforms) = preSolution
		Debug|Any CPU = Debug|Any CPU
		Release|Any CPU = Release|Any CPU
	EndGlobalSection
	GlobalSection(ProjectConfigurationPlatforms) = postSolution
		{3EE99E46-C369-4958-BE2F-CF5CCCF6F394}.Debug|Any CPU.ActiveCfg = Debug|Any CPU
		{3EE99E46-C369-4958-BE2F-CF5CCCF6F394}.Debug|Any CPU.Build.0 = Debug|Any CPU
		{3EE99E46-C369-4958-BE2F-CF5CCCF6F394}.Release|Any CPU.ActiveCfg = Release|Any CPU
		{3EE99E46-C369-4958-BE2F-CF5CCCF6F394}.Release|Any CPU.Build.0 = Release|Any CPU
		{0DAA1B23-9B18-463F-ACBB-FE00D205BAC0}.Debug|Any CPU.ActiveCfg = Debug|Any CPU
		{0DAA1B23-9B18-463F-ACBB-FE00D205BAC0}.Debug|Any CPU.Build.0 = Debug|Any CPU
		{0DAA1B23-9B18-463F-ACBB-FE00D205BAC0}.Release|Any CPU.ActiveCfg = Release|Any CPU
		{0DAA1B23-9B18-463F-ACBB-FE00D205BAC0}.Release|Any CPU.Build.0 = Release|Any CPU
		{443FE63A-44CC-4BC3-9F47-E37D6D011B66}.Debug|Any CPU.ActiveCfg = Debug|Any CPU
		{443FE63A-44CC-4BC3-9F47-E37D6D011B66}.Debug|Any CPU.Build.0 = Debug|Any CPU
		{443FE63A-44CC-4BC3-9F47-E37D6D011B66}.Release|Any CPU.ActiveCfg = Release|Any CPU
		{443FE63A-44CC-4BC3-9F47-E37D6D011B66}.Release|Any CPU.Build.0 = Release|Any CPU
		{682CAEFE-0E20-4936-B821-AF13E6D00194}.Debug|Any CPU.ActiveCfg = Debug|Any CPU
		{682CAEFE-0E20-4936-B821-AF13E6D00194}.Debug|Any CPU.Build.0 = Debug|Any CPU
		{682CAEFE-0E20-4936-B821-AF13E6D00194}.Release|Any CPU.ActiveCfg = Release|Any CPU
		{682CAEFE-0E20-4936-B821-AF13E6D00194}.Release|Any CPU.Build.0 = Release|Any CPU
		{EEA6F143-789A-4093-9AD5-057240C9D7AE}.Debug|Any CPU.ActiveCfg = Debug|Any CPU
		{EEA6F143-789A-4093-9AD5-057240C9D7AE}.Debug|Any CPU.Build.0 = Debug|Any CPU
		{EEA6F143-789A-4093-9AD5-057240C9D7AE}.Release|Any CPU.ActiveCfg = Release|Any CPU
		{EEA6F143-789A-4093-9AD5-057240C9D7AE}.Release|Any CPU.Build.0 = Release|Any CPU
		{C2D3492D-8A5C-4E31-8E34-AC32D645871C}.Debug|Any CPU.ActiveCfg = Debug|Any CPU
		{C2D3492D-8A5C-4E31-8E34-AC32D645871C}.Debug|Any CPU.Build.0 = Debug|Any CPU
		{C2D3492D-8A5C-4E31-8E34-AC32D645871C}.Release|Any CPU.ActiveCfg = Release|Any CPU
		{C2D3492D-8A5C-4E31-8E34-AC32D645871C}.Release|Any CPU.Build.0 = Release|Any CPU
		{FE0D3A2D-F1C0-478F-8845-E6D97803EA49}.Debug|Any CPU.ActiveCfg = Debug|Any CPU
		{FE0D3A2D-F1C0-478F-8845-E6D97803EA49}.Debug|Any CPU.Build.0 = Debug|Any CPU
		{FE0D3A2D-F1C0-478F-8845-E6D97803EA49}.Release|Any CPU.ActiveCfg = Release|Any CPU
		{FE0D3A2D-F1C0-478F-8845-E6D97803EA49}.Release|Any CPU.Build.0 = Release|Any CPU
		{DF784A19-6D0A-42B0-9241-5251799C53FF}.Debug|Any CPU.ActiveCfg = Debug|Any CPU
		{DF784A19-6D0A-42B0-9241-5251799C53FF}.Debug|Any CPU.Build.0 = Debug|Any CPU
		{DF784A19-6D0A-42B0-9241-5251799C53FF}.Release|Any CPU.ActiveCfg = Release|Any CPU
		{DF784A19-6D0A-42B0-9241-5251799C53FF}.Release|Any CPU.Build.0 = Release|Any CPU
		{7F0B9DB2-3862-4E12-9D7A-1BE6D1225CC6}.Debug|Any CPU.ActiveCfg = Debug|Any CPU
		{7F0B9DB2-3862-4E12-9D7A-1BE6D1225CC6}.Debug|Any CPU.Build.0 = Debug|Any CPU
		{7F0B9DB2-3862-4E12-9D7A-1BE6D1225CC6}.Release|Any CPU.ActiveCfg = Release|Any CPU
		{7F0B9DB2-3862-4E12-9D7A-1BE6D1225CC6}.Release|Any CPU.Build.0 = Release|Any CPU
		{63146B37-BCF9-48C2-9432-F8EE2FBB262D}.Debug|Any CPU.ActiveCfg = Debug|Any CPU
		{63146B37-BCF9-48C2-9432-F8EE2FBB262D}.Debug|Any CPU.Build.0 = Debug|Any CPU
		{63146B37-BCF9-48C2-9432-F8EE2FBB262D}.Release|Any CPU.ActiveCfg = Release|Any CPU
		{63146B37-BCF9-48C2-9432-F8EE2FBB262D}.Release|Any CPU.Build.0 = Release|Any CPU
		{402E8052-9670-436D-8372-8E5343B7024A}.Debug|Any CPU.ActiveCfg = Debug|Any CPU
		{402E8052-9670-436D-8372-8E5343B7024A}.Debug|Any CPU.Build.0 = Debug|Any CPU
		{402E8052-9670-436D-8372-8E5343B7024A}.Release|Any CPU.ActiveCfg = Release|Any CPU
		{402E8052-9670-436D-8372-8E5343B7024A}.Release|Any CPU.Build.0 = Release|Any CPU
		{B84C0995-3775-43A4-8260-62EC0B04F679}.Debug|Any CPU.ActiveCfg = Debug|Any CPU
		{B84C0995-3775-43A4-8260-62EC0B04F679}.Debug|Any CPU.Build.0 = Debug|Any CPU
		{B84C0995-3775-43A4-8260-62EC0B04F679}.Release|Any CPU.ActiveCfg = Release|Any CPU
		{B84C0995-3775-43A4-8260-62EC0B04F679}.Release|Any CPU.Build.0 = Release|Any CPU
		{DC021286-3D95-4735-8119-8997A4A777A6}.Debug|Any CPU.ActiveCfg = Debug|Any CPU
		{DC021286-3D95-4735-8119-8997A4A777A6}.Debug|Any CPU.Build.0 = Debug|Any CPU
		{DC021286-3D95-4735-8119-8997A4A777A6}.Release|Any CPU.ActiveCfg = Release|Any CPU
		{DC021286-3D95-4735-8119-8997A4A777A6}.Release|Any CPU.Build.0 = Release|Any CPU
		{391F935E-478B-42D5-9057-C4A159207803}.Debug|Any CPU.ActiveCfg = Debug|Any CPU
		{391F935E-478B-42D5-9057-C4A159207803}.Debug|Any CPU.Build.0 = Debug|Any CPU
		{391F935E-478B-42D5-9057-C4A159207803}.Release|Any CPU.ActiveCfg = Release|Any CPU
		{391F935E-478B-42D5-9057-C4A159207803}.Release|Any CPU.Build.0 = Release|Any CPU
	EndGlobalSection
EndGlobal
