
Microsoft Visual Studio Solution File, Format Version 12.00
# Visual Studio Version 16
VisualStudioVersion = 16.0.29102.190
MinimumVisualStudioVersion = 10.0.40219.1
Project("{FAE04EC0-301F-11D3-BF4B-00C04F79EFBC}") = "TextProcessing(EXERCISE)", "TextProcessing(EXERCISE)\TextProcessing(EXERCISE).csproj", "{C3D2BE3A-7F1D-4BF9-82C3-7EC8A705472D}"
EndProject
Project("{FAE04EC0-301F-11D3-BF4B-00C04F79EFBC}") = "Ex1ValidUsernames", "Ex1ValidUsernames\Ex1ValidUsernames.csproj", "{721607D4-A6F1-4516-B2A6-834524C47319}"
EndProject
Project("{FAE04EC0-301F-11D3-BF4B-00C04F79EFBC}") = "Ex2", "Ex2\Ex2.csproj", "{64E119EB-269B-43FD-8C7F-F5B551920917}"
EndProject
Global
	GlobalSection(SolutionConfigurationPlatforms) = preSolution
		Debug|Any CPU = Debug|Any CPU
		Release|Any CPU = Release|Any CPU
	EndGlobalSection
	GlobalSection(ProjectConfigurationPlatforms) = postSolution
		{C3D2BE3A-7F1D-4BF9-82C3-7EC8A705472D}.Debug|Any CPU.ActiveCfg = Debug|Any CPU
		{C3D2BE3A-7F1D-4BF9-82C3-7EC8A705472D}.Debug|Any CPU.Build.0 = Debug|Any CPU
		{C3D2BE3A-7F1D-4BF9-82C3-7EC8A705472D}.Release|Any CPU.ActiveCfg = Release|Any CPU
		{C3D2BE3A-7F1D-4BF9-82C3-7EC8A705472D}.Release|Any CPU.Build.0 = Release|Any CPU
		{721607D4-A6F1-4516-B2A6-834524C47319}.Debug|Any CPU.ActiveCfg = Debug|Any CPU
		{721607D4-A6F1-4516-B2A6-834524C47319}.Debug|Any CPU.Build.0 = Debug|Any CPU
		{721607D4-A6F1-4516-B2A6-834524C47319}.Release|Any CPU.ActiveCfg = Release|Any CPU
		{721607D4-A6F1-4516-B2A6-834524C47319}.Release|Any CPU.Build.0 = Release|Any CPU
		{64E119EB-269B-43FD-8C7F-F5B551920917}.Debug|Any CPU.ActiveCfg = Debug|Any CPU
		{64E119EB-269B-43FD-8C7F-F5B551920917}.Debug|Any CPU.Build.0 = Debug|Any CPU
		{64E119EB-269B-43FD-8C7F-F5B551920917}.Release|Any CPU.ActiveCfg = Release|Any CPU
		{64E119EB-269B-43FD-8C7F-F5B551920917}.Release|Any CPU.Build.0 = Release|Any CPU
	EndGlobalSection
	GlobalSection(SolutionProperties) = preSolution
		HideSolutionNode = FALSE
	EndGlobalSection
	GlobalSection(ExtensibilityGlobals) = postSolution
		SolutionGuid = {6AF503C3-DEEF-40B1-9010-69EC8C1EA148}
	EndGlobalSection
EndGlobal
