
Microsoft Visual Studio Solution File, Format Version 12.00
Project("{FAE04EC0-301F-11D3-BF4B-00C04F79EFBC}") = "Ex2", "Ex2\Ex2.csproj", "{D41F393C-9C43-45A0-A77B-68FFB945D877}"
EndProject
Project("{FAE04EC0-301F-11D3-BF4B-00C04F79EFBC}") = "Ex3", "Ex3\Ex3.csproj", "{6D0FB87F-EEA5-44D8-B840-6427C45F67F0}"
EndProject
Project("{FAE04EC0-301F-11D3-BF4B-00C04F79EFBC}") = "Ex4", "Ex4\Ex4.csproj", "{B8426498-E8BD-4082-A297-C9872C5FD015}"
EndProject
Project("{FAE04EC0-301F-11D3-BF4B-00C04F79EFBC}") = "Ex5", "Ex5\Ex5.csproj", "{EE3BCE23-7428-4B8E-B10F-17C30F537F94}"
EndProject
Project("{FAE04EC0-301F-11D3-BF4B-00C04F79EFBC}") = "Ex6", "Ex6\Ex6.csproj", "{ADECBC70-E626-42D3-B4AC-F939A7A353A3}"
EndProject
Project("{FAE04EC0-301F-11D3-BF4B-00C04F79EFBC}") = "Ex7", "Ex7\Ex7.csproj", "{EA6224F2-E65B-4BBD-B853-33F4FF425CC5}"
EndProject
Project("{FAE04EC0-301F-11D3-BF4B-00C04F79EFBC}") = "Ex8", "Ex8\Ex8.csproj", "{BFEEAE07-C9DE-4B26-8BA1-3076A0250FBA}"
EndProject
Project("{FAE04EC0-301F-11D3-BF4B-00C04F79EFBC}") = "Ex9", "Ex9\Ex9.csproj", "{5D27AD9B-8A73-4A4D-8E40-FCDE59458269}"
EndProject
Project("{FAE04EC0-301F-11D3-BF4B-00C04F79EFBC}") = "Ex10", "Ex10\Ex10.csproj", "{CE1CF9B7-DF03-4688-A36C-33F1FF252F12}"
EndProject
Project("{FAE04EC0-301F-11D3-BF4B-00C04F79EFBC}") = "Ex11", "Ex11\Ex11.csproj", "{FFBF5216-024C-4DA7-B82B-1324E195BA8A}"
EndProject
Project("{FAE04EC0-301F-11D3-BF4B-00C04F79EFBC}") = "Ex12", "Ex12\Ex12.csproj", "{0C8CCA11-BF9D-4168-9ABB-73B0C1367240}"
EndProject
Project("{FAE04EC0-301F-11D3-BF4B-00C04F79EFBC}") = "Ex13", "Ex13\Ex13.csproj", "{24A5F9E1-DBAF-4F23-BA2A-6A8F2860AFF4}"
EndProject
Project("{FAE04EC0-301F-11D3-BF4B-00C04F79EFBC}") = "Ex14", "Ex14\Ex14.csproj", "{E1983CDB-6466-4D43-BDCF-258E957BCC4C}"
EndProject
Project("{FAE04EC0-301F-11D3-BF4B-00C04F79EFBC}") = "Ex15", "Ex15\Ex15.csproj", "{C8AABC1D-4B37-4E7C-A49C-1F2B9FF3CDBC}"
EndProject
Project("{FAE04EC0-301F-11D3-BF4B-00C04F79EFBC}") = "Ex16", "Ex16\Ex16.csproj", "{ED9A863C-193A-4E14-BC3C-04441F01B99E}"
EndProject
Project("{FAE04EC0-301F-11D3-BF4B-00C04F79EFBC}") = "Ex17", "Ex17\Ex17.csproj", "{76615A91-59B5-432C-8A02-803048774F82}"
EndProject
Project("{FAE04EC0-301F-11D3-BF4B-00C04F79EFBC}") = "Ex18", "Ex18\Ex18.csproj", "{0A3DEE4D-43B4-4274-9861-82EA2219F8C0}"
EndProject
Project("{FAE04EC0-301F-11D3-BF4B-00C04F79EFBC}") = "Ex19", "Ex19\Ex19.csproj", "{DA7E3DFF-25BC-4698-85FD-0BEAD88FD113}"
EndProject
Project("{FAE04EC0-301F-11D3-BF4B-00C04F79EFBC}") = "Ex20", "Ex20\Ex20.csproj", "{888069AF-045C-4B77-A9BC-DF57EDE50251}"
EndProject
Project("{FAE04EC0-301F-11D3-BF4B-00C04F79EFBC}") = "Ex21", "Ex21\Ex21.csproj", "{AFF2BC02-E621-4BF2-BBAE-1ECB194BAB3D}"
EndProject
Project("{FAE04EC0-301F-11D3-BF4B-00C04F79EFBC}") = "Ex22", "Ex22\Ex22.csproj", "{112ECC32-A671-4975-8DFD-4BCF9C1BF48D}"
EndProject
Project("{FAE04EC0-301F-11D3-BF4B-00C04F79EFBC}") = "Ex23", "Ex23\Ex23.csproj", "{910A655C-99B7-4B82-BEEF-9B063895E8E5}"
EndProject
Project("{FAE04EC0-301F-11D3-BF4B-00C04F79EFBC}") = "Ex24", "Ex24\Ex24.csproj", "{3AE7514E-7CA0-4D14-BEF5-4661C4B13964}"
EndProject
Project("{FAE04EC0-301F-11D3-BF4B-00C04F79EFBC}") = "Ex25", "Ex25\Ex25.csproj", "{B79B3A82-B6D4-4DD8-8146-A81391DD7860}"
EndProject
Project("{FAE04EC0-301F-11D3-BF4B-00C04F79EFBC}") = "Ex26", "Ex26\Ex26.csproj", "{F9C079CF-870E-437F-BF61-6200DB538436}"
EndProject
Global
	GlobalSection(SolutionConfigurationPlatforms) = preSolution
		Debug|Any CPU = Debug|Any CPU
		Release|Any CPU = Release|Any CPU
	EndGlobalSection
	GlobalSection(ProjectConfigurationPlatforms) = postSolution
		{D41F393C-9C43-45A0-A77B-68FFB945D877}.Debug|Any CPU.ActiveCfg = Debug|Any CPU
		{D41F393C-9C43-45A0-A77B-68FFB945D877}.Debug|Any CPU.Build.0 = Debug|Any CPU
		{D41F393C-9C43-45A0-A77B-68FFB945D877}.Release|Any CPU.ActiveCfg = Release|Any CPU
		{D41F393C-9C43-45A0-A77B-68FFB945D877}.Release|Any CPU.Build.0 = Release|Any CPU
		{6D0FB87F-EEA5-44D8-B840-6427C45F67F0}.Debug|Any CPU.ActiveCfg = Debug|Any CPU
		{6D0FB87F-EEA5-44D8-B840-6427C45F67F0}.Debug|Any CPU.Build.0 = Debug|Any CPU
		{6D0FB87F-EEA5-44D8-B840-6427C45F67F0}.Release|Any CPU.ActiveCfg = Release|Any CPU
		{6D0FB87F-EEA5-44D8-B840-6427C45F67F0}.Release|Any CPU.Build.0 = Release|Any CPU
		{B8426498-E8BD-4082-A297-C9872C5FD015}.Debug|Any CPU.ActiveCfg = Debug|Any CPU
		{B8426498-E8BD-4082-A297-C9872C5FD015}.Debug|Any CPU.Build.0 = Debug|Any CPU
		{B8426498-E8BD-4082-A297-C9872C5FD015}.Release|Any CPU.ActiveCfg = Release|Any CPU
		{B8426498-E8BD-4082-A297-C9872C5FD015}.Release|Any CPU.Build.0 = Release|Any CPU
		{EE3BCE23-7428-4B8E-B10F-17C30F537F94}.Debug|Any CPU.ActiveCfg = Debug|Any CPU
		{EE3BCE23-7428-4B8E-B10F-17C30F537F94}.Debug|Any CPU.Build.0 = Debug|Any CPU
		{EE3BCE23-7428-4B8E-B10F-17C30F537F94}.Release|Any CPU.ActiveCfg = Release|Any CPU
		{EE3BCE23-7428-4B8E-B10F-17C30F537F94}.Release|Any CPU.Build.0 = Release|Any CPU
		{ADECBC70-E626-42D3-B4AC-F939A7A353A3}.Debug|Any CPU.ActiveCfg = Debug|Any CPU
		{ADECBC70-E626-42D3-B4AC-F939A7A353A3}.Debug|Any CPU.Build.0 = Debug|Any CPU
		{ADECBC70-E626-42D3-B4AC-F939A7A353A3}.Release|Any CPU.ActiveCfg = Release|Any CPU
		{ADECBC70-E626-42D3-B4AC-F939A7A353A3}.Release|Any CPU.Build.0 = Release|Any CPU
		{EA6224F2-E65B-4BBD-B853-33F4FF425CC5}.Debug|Any CPU.ActiveCfg = Debug|Any CPU
		{EA6224F2-E65B-4BBD-B853-33F4FF425CC5}.Debug|Any CPU.Build.0 = Debug|Any CPU
		{EA6224F2-E65B-4BBD-B853-33F4FF425CC5}.Release|Any CPU.ActiveCfg = Release|Any CPU
		{EA6224F2-E65B-4BBD-B853-33F4FF425CC5}.Release|Any CPU.Build.0 = Release|Any CPU
		{BFEEAE07-C9DE-4B26-8BA1-3076A0250FBA}.Debug|Any CPU.ActiveCfg = Debug|Any CPU
		{BFEEAE07-C9DE-4B26-8BA1-3076A0250FBA}.Debug|Any CPU.Build.0 = Debug|Any CPU
		{BFEEAE07-C9DE-4B26-8BA1-3076A0250FBA}.Release|Any CPU.ActiveCfg = Release|Any CPU
		{BFEEAE07-C9DE-4B26-8BA1-3076A0250FBA}.Release|Any CPU.Build.0 = Release|Any CPU
		{5D27AD9B-8A73-4A4D-8E40-FCDE59458269}.Debug|Any CPU.ActiveCfg = Debug|Any CPU
		{5D27AD9B-8A73-4A4D-8E40-FCDE59458269}.Debug|Any CPU.Build.0 = Debug|Any CPU
		{5D27AD9B-8A73-4A4D-8E40-FCDE59458269}.Release|Any CPU.ActiveCfg = Release|Any CPU
		{5D27AD9B-8A73-4A4D-8E40-FCDE59458269}.Release|Any CPU.Build.0 = Release|Any CPU
		{CE1CF9B7-DF03-4688-A36C-33F1FF252F12}.Debug|Any CPU.ActiveCfg = Debug|Any CPU
		{CE1CF9B7-DF03-4688-A36C-33F1FF252F12}.Debug|Any CPU.Build.0 = Debug|Any CPU
		{CE1CF9B7-DF03-4688-A36C-33F1FF252F12}.Release|Any CPU.ActiveCfg = Release|Any CPU
		{CE1CF9B7-DF03-4688-A36C-33F1FF252F12}.Release|Any CPU.Build.0 = Release|Any CPU
		{FFBF5216-024C-4DA7-B82B-1324E195BA8A}.Debug|Any CPU.ActiveCfg = Debug|Any CPU
		{FFBF5216-024C-4DA7-B82B-1324E195BA8A}.Debug|Any CPU.Build.0 = Debug|Any CPU
		{FFBF5216-024C-4DA7-B82B-1324E195BA8A}.Release|Any CPU.ActiveCfg = Release|Any CPU
		{FFBF5216-024C-4DA7-B82B-1324E195BA8A}.Release|Any CPU.Build.0 = Release|Any CPU
		{0C8CCA11-BF9D-4168-9ABB-73B0C1367240}.Debug|Any CPU.ActiveCfg = Debug|Any CPU
		{0C8CCA11-BF9D-4168-9ABB-73B0C1367240}.Debug|Any CPU.Build.0 = Debug|Any CPU
		{0C8CCA11-BF9D-4168-9ABB-73B0C1367240}.Release|Any CPU.ActiveCfg = Release|Any CPU
		{0C8CCA11-BF9D-4168-9ABB-73B0C1367240}.Release|Any CPU.Build.0 = Release|Any CPU
		{24A5F9E1-DBAF-4F23-BA2A-6A8F2860AFF4}.Debug|Any CPU.ActiveCfg = Debug|Any CPU
		{24A5F9E1-DBAF-4F23-BA2A-6A8F2860AFF4}.Debug|Any CPU.Build.0 = Debug|Any CPU
		{24A5F9E1-DBAF-4F23-BA2A-6A8F2860AFF4}.Release|Any CPU.ActiveCfg = Release|Any CPU
		{24A5F9E1-DBAF-4F23-BA2A-6A8F2860AFF4}.Release|Any CPU.Build.0 = Release|Any CPU
		{E1983CDB-6466-4D43-BDCF-258E957BCC4C}.Debug|Any CPU.ActiveCfg = Debug|Any CPU
		{E1983CDB-6466-4D43-BDCF-258E957BCC4C}.Debug|Any CPU.Build.0 = Debug|Any CPU
		{E1983CDB-6466-4D43-BDCF-258E957BCC4C}.Release|Any CPU.ActiveCfg = Release|Any CPU
		{E1983CDB-6466-4D43-BDCF-258E957BCC4C}.Release|Any CPU.Build.0 = Release|Any CPU
		{C8AABC1D-4B37-4E7C-A49C-1F2B9FF3CDBC}.Debug|Any CPU.ActiveCfg = Debug|Any CPU
		{C8AABC1D-4B37-4E7C-A49C-1F2B9FF3CDBC}.Debug|Any CPU.Build.0 = Debug|Any CPU
		{C8AABC1D-4B37-4E7C-A49C-1F2B9FF3CDBC}.Release|Any CPU.ActiveCfg = Release|Any CPU
		{C8AABC1D-4B37-4E7C-A49C-1F2B9FF3CDBC}.Release|Any CPU.Build.0 = Release|Any CPU
		{ED9A863C-193A-4E14-BC3C-04441F01B99E}.Debug|Any CPU.ActiveCfg = Debug|Any CPU
		{ED9A863C-193A-4E14-BC3C-04441F01B99E}.Debug|Any CPU.Build.0 = Debug|Any CPU
		{ED9A863C-193A-4E14-BC3C-04441F01B99E}.Release|Any CPU.ActiveCfg = Release|Any CPU
		{ED9A863C-193A-4E14-BC3C-04441F01B99E}.Release|Any CPU.Build.0 = Release|Any CPU
		{76615A91-59B5-432C-8A02-803048774F82}.Debug|Any CPU.ActiveCfg = Debug|Any CPU
		{76615A91-59B5-432C-8A02-803048774F82}.Debug|Any CPU.Build.0 = Debug|Any CPU
		{76615A91-59B5-432C-8A02-803048774F82}.Release|Any CPU.ActiveCfg = Release|Any CPU
		{76615A91-59B5-432C-8A02-803048774F82}.Release|Any CPU.Build.0 = Release|Any CPU
		{0A3DEE4D-43B4-4274-9861-82EA2219F8C0}.Debug|Any CPU.ActiveCfg = Debug|Any CPU
		{0A3DEE4D-43B4-4274-9861-82EA2219F8C0}.Debug|Any CPU.Build.0 = Debug|Any CPU
		{0A3DEE4D-43B4-4274-9861-82EA2219F8C0}.Release|Any CPU.ActiveCfg = Release|Any CPU
		{0A3DEE4D-43B4-4274-9861-82EA2219F8C0}.Release|Any CPU.Build.0 = Release|Any CPU
		{DA7E3DFF-25BC-4698-85FD-0BEAD88FD113}.Debug|Any CPU.ActiveCfg = Debug|Any CPU
		{DA7E3DFF-25BC-4698-85FD-0BEAD88FD113}.Debug|Any CPU.Build.0 = Debug|Any CPU
		{DA7E3DFF-25BC-4698-85FD-0BEAD88FD113}.Release|Any CPU.ActiveCfg = Release|Any CPU
		{DA7E3DFF-25BC-4698-85FD-0BEAD88FD113}.Release|Any CPU.Build.0 = Release|Any CPU
		{888069AF-045C-4B77-A9BC-DF57EDE50251}.Debug|Any CPU.ActiveCfg = Debug|Any CPU
		{888069AF-045C-4B77-A9BC-DF57EDE50251}.Debug|Any CPU.Build.0 = Debug|Any CPU
		{888069AF-045C-4B77-A9BC-DF57EDE50251}.Release|Any CPU.ActiveCfg = Release|Any CPU
		{888069AF-045C-4B77-A9BC-DF57EDE50251}.Release|Any CPU.Build.0 = Release|Any CPU
		{AFF2BC02-E621-4BF2-BBAE-1ECB194BAB3D}.Debug|Any CPU.ActiveCfg = Debug|Any CPU
		{AFF2BC02-E621-4BF2-BBAE-1ECB194BAB3D}.Debug|Any CPU.Build.0 = Debug|Any CPU
		{AFF2BC02-E621-4BF2-BBAE-1ECB194BAB3D}.Release|Any CPU.ActiveCfg = Release|Any CPU
		{AFF2BC02-E621-4BF2-BBAE-1ECB194BAB3D}.Release|Any CPU.Build.0 = Release|Any CPU
		{112ECC32-A671-4975-8DFD-4BCF9C1BF48D}.Debug|Any CPU.ActiveCfg = Debug|Any CPU
		{112ECC32-A671-4975-8DFD-4BCF9C1BF48D}.Debug|Any CPU.Build.0 = Debug|Any CPU
		{112ECC32-A671-4975-8DFD-4BCF9C1BF48D}.Release|Any CPU.ActiveCfg = Release|Any CPU
		{112ECC32-A671-4975-8DFD-4BCF9C1BF48D}.Release|Any CPU.Build.0 = Release|Any CPU
		{910A655C-99B7-4B82-BEEF-9B063895E8E5}.Debug|Any CPU.ActiveCfg = Debug|Any CPU
		{910A655C-99B7-4B82-BEEF-9B063895E8E5}.Debug|Any CPU.Build.0 = Debug|Any CPU
		{910A655C-99B7-4B82-BEEF-9B063895E8E5}.Release|Any CPU.ActiveCfg = Release|Any CPU
		{910A655C-99B7-4B82-BEEF-9B063895E8E5}.Release|Any CPU.Build.0 = Release|Any CPU
		{3AE7514E-7CA0-4D14-BEF5-4661C4B13964}.Debug|Any CPU.ActiveCfg = Debug|Any CPU
		{3AE7514E-7CA0-4D14-BEF5-4661C4B13964}.Debug|Any CPU.Build.0 = Debug|Any CPU
		{3AE7514E-7CA0-4D14-BEF5-4661C4B13964}.Release|Any CPU.ActiveCfg = Release|Any CPU
		{3AE7514E-7CA0-4D14-BEF5-4661C4B13964}.Release|Any CPU.Build.0 = Release|Any CPU
		{B79B3A82-B6D4-4DD8-8146-A81391DD7860}.Debug|Any CPU.ActiveCfg = Debug|Any CPU
		{B79B3A82-B6D4-4DD8-8146-A81391DD7860}.Debug|Any CPU.Build.0 = Debug|Any CPU
		{B79B3A82-B6D4-4DD8-8146-A81391DD7860}.Release|Any CPU.ActiveCfg = Release|Any CPU
		{B79B3A82-B6D4-4DD8-8146-A81391DD7860}.Release|Any CPU.Build.0 = Release|Any CPU
		{F9C079CF-870E-437F-BF61-6200DB538436}.Debug|Any CPU.ActiveCfg = Debug|Any CPU
		{F9C079CF-870E-437F-BF61-6200DB538436}.Debug|Any CPU.Build.0 = Debug|Any CPU
		{F9C079CF-870E-437F-BF61-6200DB538436}.Release|Any CPU.ActiveCfg = Release|Any CPU
		{F9C079CF-870E-437F-BF61-6200DB538436}.Release|Any CPU.Build.0 = Release|Any CPU
	EndGlobalSection
EndGlobal
