
Microsoft Visual Studio Solution File, Format Version 12.00
# Visual Studio Version 16
VisualStudioVersion = 16.0.29102.190
MinimumVisualStudioVersion = 10.0.40219.1
Project("{FAE04EC0-301F-11D3-BF4B-00C04F79EFBC}") = "InterfacesAndAbstraction(EXERCISE)", "InterfacesAndAbstraction(EXERCISE)\InterfacesAndAbstraction(EXERCISE).csproj", "{747F3E42-5F63-4E92-B5AF-72FA7DDE3F7B}"
EndProject
Global
	GlobalSection(SolutionConfigurationPlatforms) = preSolution
		Debug|Any CPU = Debug|Any CPU
		Release|Any CPU = Release|Any CPU
	EndGlobalSection
	GlobalSection(ProjectConfigurationPlatforms) = postSolution
		{747F3E42-5F63-4E92-B5AF-72FA7DDE3F7B}.Debug|Any CPU.ActiveCfg = Debug|Any CPU
		{747F3E42-5F63-4E92-B5AF-72FA7DDE3F7B}.Debug|Any CPU.Build.0 = Debug|Any CPU
		{747F3E42-5F63-4E92-B5AF-72FA7DDE3F7B}.Release|Any CPU.ActiveCfg = Release|Any CPU
		{747F3E42-5F63-4E92-B5AF-72FA7DDE3F7B}.Release|Any CPU.Build.0 = Release|Any CPU
	EndGlobalSection
	GlobalSection(SolutionProperties) = preSolution
		HideSolutionNode = FALSE
	EndGlobalSection
	GlobalSection(ExtensibilityGlobals) = postSolution
		SolutionGuid = {CDF84BB6-CE08-41D5-8B8D-BD77EBC7F38B}
	EndGlobalSection
EndGlobal
