
Microsoft Visual Studio Solution File, Format Version 12.00
# Visual Studio Version 16
VisualStudioVersion = 16.0.29102.190
MinimumVisualStudioVersion = 10.0.40219.1
Project("{9A19103F-16F7-4668-BE54-9A1E7A4F7556}") = "Arrays(EXERCISE)", "Arrays(EXERCISE)\Arrays(EXERCISE).csproj", "{CB168B56-E4C3-42F2-995B-074F692A728C}"
EndProject
Project("{FAE04EC0-301F-11D3-BF4B-00C04F79EFBC}") = "solution", "solution\solution.csproj", "{BA164B01-1497-41EC-9F23-6933D030C8AD}"
EndProject
Global
	GlobalSection(SolutionConfigurationPlatforms) = preSolution
		Debug|Any CPU = Debug|Any CPU
		Release|Any CPU = Release|Any CPU
	EndGlobalSection
	GlobalSection(ProjectConfigurationPlatforms) = postSolution
		{CB168B56-E4C3-42F2-995B-074F692A728C}.Debug|Any CPU.ActiveCfg = Debug|Any CPU
		{CB168B56-E4C3-42F2-995B-074F692A728C}.Debug|Any CPU.Build.0 = Debug|Any CPU
		{CB168B56-E4C3-42F2-995B-074F692A728C}.Release|Any CPU.ActiveCfg = Release|Any CPU
		{CB168B56-E4C3-42F2-995B-074F692A728C}.Release|Any CPU.Build.0 = Release|Any CPU
		{BA164B01-1497-41EC-9F23-6933D030C8AD}.Debug|Any CPU.ActiveCfg = Debug|Any CPU
		{BA164B01-1497-41EC-9F23-6933D030C8AD}.Debug|Any CPU.Build.0 = Debug|Any CPU
		{BA164B01-1497-41EC-9F23-6933D030C8AD}.Release|Any CPU.ActiveCfg = Release|Any CPU
		{BA164B01-1497-41EC-9F23-6933D030C8AD}.Release|Any CPU.Build.0 = Release|Any CPU
	EndGlobalSection
	GlobalSection(SolutionProperties) = preSolution
		HideSolutionNode = FALSE
	EndGlobalSection
	GlobalSection(ExtensibilityGlobals) = postSolution
		SolutionGuid = {3B043BCB-84E6-4BB0-A46B-9CD279BAFD6A}
	EndGlobalSection
EndGlobal
