
Microsoft Visual Studio Solution File, Format Version 12.00
# Visual Studio Version 16
VisualStudioVersion = 16.0.29102.190
MinimumVisualStudioVersion = 10.0.40219.1
Project("{FAE04EC0-301F-11D3-BF4B-00C04F79EFBC}") = "Encapsulation(EXERCISE)", "Encapsulation(EXERCISE)\Encapsulation(EXERCISE).csproj", "{7DE531EE-F61D-4938-B100-2687249A4617}"
EndProject
Global
	GlobalSection(SolutionConfigurationPlatforms) = preSolution
		Debug|Any CPU = Debug|Any CPU
		Release|Any CPU = Release|Any CPU
	EndGlobalSection
	GlobalSection(ProjectConfigurationPlatforms) = postSolution
		{7DE531EE-F61D-4938-B100-2687249A4617}.Debug|Any CPU.ActiveCfg = Debug|Any CPU
		{7DE531EE-F61D-4938-B100-2687249A4617}.Debug|Any CPU.Build.0 = Debug|Any CPU
		{7DE531EE-F61D-4938-B100-2687249A4617}.Release|Any CPU.ActiveCfg = Release|Any CPU
		{7DE531EE-F61D-4938-B100-2687249A4617}.Release|Any CPU.Build.0 = Release|Any CPU
	EndGlobalSection
	GlobalSection(SolutionProperties) = preSolution
		HideSolutionNode = FALSE
	EndGlobalSection
	GlobalSection(ExtensibilityGlobals) = postSolution
		SolutionGuid = {3E73CEEE-CE7D-4306-AB5A-1E63C3BD8414}
	EndGlobalSection
EndGlobal
