
Microsoft Visual Studio Solution File, Format Version 12.00
# Visual Studio Version 16
VisualStudioVersion = 16.0.29102.190
MinimumVisualStudioVersion = 10.0.40219.1
Project("{FAE04EC0-301F-11D3-BF4B-00C04F79EFBC}") = "DefiningClasses(EXERCISE)", "DefiningClasses(EXERCISE)\DefiningClasses(EXERCISE).csproj", "{07A89FD7-3D87-43ED-B601-4141FC76F868}"
EndProject
Project("{FAE04EC0-301F-11D3-BF4B-00C04F79EFBC}") = "Ex1Dates", "Ex1Dates\Ex1Dates.csproj", "{33C3F99B-9705-4B4A-B22C-ABA4B20D0288}"
EndProject
Project("{FAE04EC0-301F-11D3-BF4B-00C04F79EFBC}") = "Ex2CalculationWithFractions", "Ex2CalculationWithFractions\Ex2CalculationWithFractions.csproj", "{78F5FBA2-E847-41BC-BA53-CA9B06F1DA09}"
EndProject
Project("{FAE04EC0-301F-11D3-BF4B-00C04F79EFBC}") = "Ex3ClassCard", "Ex3ClassCard\Ex3ClassCard.csproj", "{3B367730-A2A4-4E1D-A903-976BA9956C94}"
EndProject
Project("{FAE04EC0-301F-11D3-BF4B-00C04F79EFBC}") = "Ex4RandomizeCards", "Ex4RandomizeCards\Ex4RandomizeCards.csproj", "{725CA5CB-D55F-4A18-B81D-A0B08D998004}"
EndProject
Project("{FAE04EC0-301F-11D3-BF4B-00C04F79EFBC}") = "Ex5ClassDeckOfCards", "Ex5ClassDeckOfCards\Ex5ClassDeckOfCards.csproj", "{98627B57-2B59-49E5-BD85-7610CDAF2CF9}"
EndProject
Project("{FAE04EC0-301F-11D3-BF4B-00C04F79EFBC}") = "Ex6AdvertisementMessage", "Ex6AdvertisementMessage\Ex6AdvertisementMessage.csproj", "{42D1CD93-FC89-40F9-AD0E-059D10DB0305}"
EndProject
Project("{FAE04EC0-301F-11D3-BF4B-00C04F79EFBC}") = "Ex1DefineClassPerson", "Ex1DefineClassPerson\Ex1DefineClassPerson.csproj", "{1E3C2FD8-1141-402C-BE53-647CB154FE33}"
EndProject
Project("{FAE04EC0-301F-11D3-BF4B-00C04F79EFBC}") = "Ex2CreateConstructors", "Ex2CreateConstructors\Ex2CreateConstructors.csproj", "{4537983D-E1F4-487D-8DE0-FF19B9A462C7}"
EndProject
Project("{FAE04EC0-301F-11D3-BF4B-00C04F79EFBC}") = "Ex3OldestFamilyMember", "Ex3OldestFamilyMember\Ex3OldestFamilyMember.csproj", "{0671C47F-3491-45FF-B1A9-707DFB24F1E3}"
EndProject
Project("{FAE04EC0-301F-11D3-BF4B-00C04F79EFBC}") = "Ex4OpinionPoll", "Ex4OpinionPoll\Ex4OpinionPoll.csproj", "{25D073D1-3143-4857-B2B8-F231629B4BA3}"
EndProject
Project("{FAE04EC0-301F-11D3-BF4B-00C04F79EFBC}") = "Ex5CompanyRoster", "Ex5CompanyRoster\Ex5CompanyRoster.csproj", "{C1756CEB-6E91-4EBE-AD96-1CA386D087D3}"
EndProject
Project("{FAE04EC0-301F-11D3-BF4B-00C04F79EFBC}") = "Ex6SpeedRacing", "Ex6SpeedRacing\Ex6SpeedRacing.csproj", "{AA68D793-CD9B-4EAE-B2ED-57870E977D3C}"
EndProject
Global
	GlobalSection(SolutionConfigurationPlatforms) = preSolution
		Debug|Any CPU = Debug|Any CPU
		Release|Any CPU = Release|Any CPU
	EndGlobalSection
	GlobalSection(ProjectConfigurationPlatforms) = postSolution
		{07A89FD7-3D87-43ED-B601-4141FC76F868}.Debug|Any CPU.ActiveCfg = Debug|Any CPU
		{07A89FD7-3D87-43ED-B601-4141FC76F868}.Debug|Any CPU.Build.0 = Debug|Any CPU
		{07A89FD7-3D87-43ED-B601-4141FC76F868}.Release|Any CPU.ActiveCfg = Release|Any CPU
		{07A89FD7-3D87-43ED-B601-4141FC76F868}.Release|Any CPU.Build.0 = Release|Any CPU
		{33C3F99B-9705-4B4A-B22C-ABA4B20D0288}.Debug|Any CPU.ActiveCfg = Debug|Any CPU
		{33C3F99B-9705-4B4A-B22C-ABA4B20D0288}.Debug|Any CPU.Build.0 = Debug|Any CPU
		{33C3F99B-9705-4B4A-B22C-ABA4B20D0288}.Release|Any CPU.ActiveCfg = Release|Any CPU
		{33C3F99B-9705-4B4A-B22C-ABA4B20D0288}.Release|Any CPU.Build.0 = Release|Any CPU
		{78F5FBA2-E847-41BC-BA53-CA9B06F1DA09}.Debug|Any CPU.ActiveCfg = Debug|Any CPU
		{78F5FBA2-E847-41BC-BA53-CA9B06F1DA09}.Debug|Any CPU.Build.0 = Debug|Any CPU
		{78F5FBA2-E847-41BC-BA53-CA9B06F1DA09}.Release|Any CPU.ActiveCfg = Release|Any CPU
		{78F5FBA2-E847-41BC-BA53-CA9B06F1DA09}.Release|Any CPU.Build.0 = Release|Any CPU
		{3B367730-A2A4-4E1D-A903-976BA9956C94}.Debug|Any CPU.ActiveCfg = Debug|Any CPU
		{3B367730-A2A4-4E1D-A903-976BA9956C94}.Debug|Any CPU.Build.0 = Debug|Any CPU
		{3B367730-A2A4-4E1D-A903-976BA9956C94}.Release|Any CPU.ActiveCfg = Release|Any CPU
		{3B367730-A2A4-4E1D-A903-976BA9956C94}.Release|Any CPU.Build.0 = Release|Any CPU
		{725CA5CB-D55F-4A18-B81D-A0B08D998004}.Debug|Any CPU.ActiveCfg = Debug|Any CPU
		{725CA5CB-D55F-4A18-B81D-A0B08D998004}.Debug|Any CPU.Build.0 = Debug|Any CPU
		{725CA5CB-D55F-4A18-B81D-A0B08D998004}.Release|Any CPU.ActiveCfg = Release|Any CPU
		{725CA5CB-D55F-4A18-B81D-A0B08D998004}.Release|Any CPU.Build.0 = Release|Any CPU
		{98627B57-2B59-49E5-BD85-7610CDAF2CF9}.Debug|Any CPU.ActiveCfg = Debug|Any CPU
		{98627B57-2B59-49E5-BD85-7610CDAF2CF9}.Debug|Any CPU.Build.0 = Debug|Any CPU
		{98627B57-2B59-49E5-BD85-7610CDAF2CF9}.Release|Any CPU.ActiveCfg = Release|Any CPU
		{98627B57-2B59-49E5-BD85-7610CDAF2CF9}.Release|Any CPU.Build.0 = Release|Any CPU
		{42D1CD93-FC89-40F9-AD0E-059D10DB0305}.Debug|Any CPU.ActiveCfg = Debug|Any CPU
		{42D1CD93-FC89-40F9-AD0E-059D10DB0305}.Debug|Any CPU.Build.0 = Debug|Any CPU
		{42D1CD93-FC89-40F9-AD0E-059D10DB0305}.Release|Any CPU.ActiveCfg = Release|Any CPU
		{42D1CD93-FC89-40F9-AD0E-059D10DB0305}.Release|Any CPU.Build.0 = Release|Any CPU
		{1E3C2FD8-1141-402C-BE53-647CB154FE33}.Debug|Any CPU.ActiveCfg = Debug|Any CPU
		{1E3C2FD8-1141-402C-BE53-647CB154FE33}.Debug|Any CPU.Build.0 = Debug|Any CPU
		{1E3C2FD8-1141-402C-BE53-647CB154FE33}.Release|Any CPU.ActiveCfg = Release|Any CPU
		{1E3C2FD8-1141-402C-BE53-647CB154FE33}.Release|Any CPU.Build.0 = Release|Any CPU
		{4537983D-E1F4-487D-8DE0-FF19B9A462C7}.Debug|Any CPU.ActiveCfg = Debug|Any CPU
		{4537983D-E1F4-487D-8DE0-FF19B9A462C7}.Debug|Any CPU.Build.0 = Debug|Any CPU
		{4537983D-E1F4-487D-8DE0-FF19B9A462C7}.Release|Any CPU.ActiveCfg = Release|Any CPU
		{4537983D-E1F4-487D-8DE0-FF19B9A462C7}.Release|Any CPU.Build.0 = Release|Any CPU
		{0671C47F-3491-45FF-B1A9-707DFB24F1E3}.Debug|Any CPU.ActiveCfg = Debug|Any CPU
		{0671C47F-3491-45FF-B1A9-707DFB24F1E3}.Debug|Any CPU.Build.0 = Debug|Any CPU
		{0671C47F-3491-45FF-B1A9-707DFB24F1E3}.Release|Any CPU.ActiveCfg = Release|Any CPU
		{0671C47F-3491-45FF-B1A9-707DFB24F1E3}.Release|Any CPU.Build.0 = Release|Any CPU
		{25D073D1-3143-4857-B2B8-F231629B4BA3}.Debug|Any CPU.ActiveCfg = Debug|Any CPU
		{25D073D1-3143-4857-B2B8-F231629B4BA3}.Debug|Any CPU.Build.0 = Debug|Any CPU
		{25D073D1-3143-4857-B2B8-F231629B4BA3}.Release|Any CPU.ActiveCfg = Release|Any CPU
		{25D073D1-3143-4857-B2B8-F231629B4BA3}.Release|Any CPU.Build.0 = Release|Any CPU
		{C1756CEB-6E91-4EBE-AD96-1CA386D087D3}.Debug|Any CPU.ActiveCfg = Debug|Any CPU
		{C1756CEB-6E91-4EBE-AD96-1CA386D087D3}.Debug|Any CPU.Build.0 = Debug|Any CPU
		{C1756CEB-6E91-4EBE-AD96-1CA386D087D3}.Release|Any CPU.ActiveCfg = Release|Any CPU
		{C1756CEB-6E91-4EBE-AD96-1CA386D087D3}.Release|Any CPU.Build.0 = Release|Any CPU
		{AA68D793-CD9B-4EAE-B2ED-57870E977D3C}.Debug|Any CPU.ActiveCfg = Debug|Any CPU
		{AA68D793-CD9B-4EAE-B2ED-57870E977D3C}.Debug|Any CPU.Build.0 = Debug|Any CPU
		{AA68D793-CD9B-4EAE-B2ED-57870E977D3C}.Release|Any CPU.ActiveCfg = Release|Any CPU
		{AA68D793-CD9B-4EAE-B2ED-57870E977D3C}.Release|Any CPU.Build.0 = Release|Any CPU
	EndGlobalSection
	GlobalSection(SolutionProperties) = preSolution
		HideSolutionNode = FALSE
	EndGlobalSection
	GlobalSection(ExtensibilityGlobals) = postSolution
		SolutionGuid = {1F306657-29DC-4081-8992-96D302E09A25}
	EndGlobalSection
EndGlobal
