
Microsoft Visual Studio Solution File, Format Version 12.00
# Visual Studio Version 16
VisualStudioVersion = 16.0.29102.190
MinimumVisualStudioVersion = 10.0.40219.1
Project("{FAE04EC0-301F-11D3-BF4B-00C04F79EFBC}") = "AssociativeArrays", "AssociativeArrays\AssociativeArrays.csproj", "{93F5FA4A-508E-42C9-99B1-37220FF0F2F8}"
EndProject
Global
	GlobalSection(SolutionConfigurationPlatforms) = preSolution
		Debug|Any CPU = Debug|Any CPU
		Release|Any CPU = Release|Any CPU
	EndGlobalSection
	GlobalSection(ProjectConfigurationPlatforms) = postSolution
		{93F5FA4A-508E-42C9-99B1-37220FF0F2F8}.Debug|Any CPU.ActiveCfg = Debug|Any CPU
		{93F5FA4A-508E-42C9-99B1-37220FF0F2F8}.Debug|Any CPU.Build.0 = Debug|Any CPU
		{93F5FA4A-508E-42C9-99B1-37220FF0F2F8}.Release|Any CPU.ActiveCfg = Release|Any CPU
		{93F5FA4A-508E-42C9-99B1-37220FF0F2F8}.Release|Any CPU.Build.0 = Release|Any CPU
	EndGlobalSection
	GlobalSection(SolutionProperties) = preSolution
		HideSolutionNode = FALSE
	EndGlobalSection
	GlobalSection(ExtensibilityGlobals) = postSolution
		SolutionGuid = {ADED596C-4B5A-4EBE-B4E4-6CBD60A9F8CA}
	EndGlobalSection
EndGlobal
