
Microsoft Visual Studio Solution File, Format Version 12.00
# Visual Studio Version 16
VisualStudioVersion = 16.0.29102.190
MinimumVisualStudioVersion = 10.0.40219.1
Project("{FAE04EC0-301F-11D3-BF4B-00C04F79EFBC}") = "ReflectionAndAttributes(EXERCISE)", "ReflectionAndAttributes(EXERCISE)\ReflectionAndAttributes(EXERCISE).csproj", "{EB761ADE-A5F8-4CF0-8331-D0D00A56AC9F}"
EndProject
Global
	GlobalSection(SolutionConfigurationPlatforms) = preSolution
		Debug|Any CPU = Debug|Any CPU
		Release|Any CPU = Release|Any CPU
	EndGlobalSection
	GlobalSection(ProjectConfigurationPlatforms) = postSolution
		{EB761ADE-A5F8-4CF0-8331-D0D00A56AC9F}.Debug|Any CPU.ActiveCfg = Debug|Any CPU
		{EB761ADE-A5F8-4CF0-8331-D0D00A56AC9F}.Debug|Any CPU.Build.0 = Debug|Any CPU
		{EB761ADE-A5F8-4CF0-8331-D0D00A56AC9F}.Release|Any CPU.ActiveCfg = Release|Any CPU
		{EB761ADE-A5F8-4CF0-8331-D0D00A56AC9F}.Release|Any CPU.Build.0 = Release|Any CPU
	EndGlobalSection
	GlobalSection(SolutionProperties) = preSolution
		HideSolutionNode = FALSE
	EndGlobalSection
	GlobalSection(ExtensibilityGlobals) = postSolution
		SolutionGuid = {1FDF4917-F48B-481C-9A05-2CC478B271B4}
	EndGlobalSection
EndGlobal
