
Microsoft Visual Studio Solution File, Format Version 12.00
# Visual Studio Version 16
VisualStudioVersion = 16.0.29102.190
MinimumVisualStudioVersion = 10.0.40219.1
Project("{FAE04EC0-301F-11D3-BF4B-00C04F79EFBC}") = "ObjectsAndClasses", "ObjectsAndClasses\ObjectsAndClasses.csproj", "{9268B9FC-EDCE-4C00-960F-AA163E4AC72E}"
EndProject
Project("{FAE04EC0-301F-11D3-BF4B-00C04F79EFBC}") = "Exercise", "Exercise\Exercise.csproj", "{DE257E38-CF1D-4ACB-9F5B-1C3E69397067}"
EndProject
Global
	GlobalSection(SolutionConfigurationPlatforms) = preSolution
		Debug|Any CPU = Debug|Any CPU
		Release|Any CPU = Release|Any CPU
	EndGlobalSection
	GlobalSection(ProjectConfigurationPlatforms) = postSolution
		{9268B9FC-EDCE-4C00-960F-AA163E4AC72E}.Debug|Any CPU.ActiveCfg = Debug|Any CPU
		{9268B9FC-EDCE-4C00-960F-AA163E4AC72E}.Debug|Any CPU.Build.0 = Debug|Any CPU
		{9268B9FC-EDCE-4C00-960F-AA163E4AC72E}.Release|Any CPU.ActiveCfg = Release|Any CPU
		{9268B9FC-EDCE-4C00-960F-AA163E4AC72E}.Release|Any CPU.Build.0 = Release|Any CPU
		{DE257E38-CF1D-4ACB-9F5B-1C3E69397067}.Debug|Any CPU.ActiveCfg = Debug|Any CPU
		{DE257E38-CF1D-4ACB-9F5B-1C3E69397067}.Debug|Any CPU.Build.0 = Debug|Any CPU
		{DE257E38-CF1D-4ACB-9F5B-1C3E69397067}.Release|Any CPU.ActiveCfg = Release|Any CPU
		{DE257E38-CF1D-4ACB-9F5B-1C3E69397067}.Release|Any CPU.Build.0 = Release|Any CPU
	EndGlobalSection
	GlobalSection(SolutionProperties) = preSolution
		HideSolutionNode = FALSE
	EndGlobalSection
	GlobalSection(ExtensibilityGlobals) = postSolution
		SolutionGuid = {7EC4D617-B1F3-454C-8DD4-8FCD1808F974}
	EndGlobalSection
EndGlobal
