
Microsoft Visual Studio Solution File, Format Version 12.00
# Visual Studio Version 17
VisualStudioVersion = 17.4.33205.214
MinimumVisualStudioVersion = 10.0.40219.1
Project("{FAE04EC0-301F-11D3-BF4B-00C04F79EFBC}") = "CollectionTests", "..\CollectionTests\CollectionTests.csproj", "{05F6A013-092D-48AE-9AAF-F49202898B0D}"
EndProject
Global
	GlobalSection(SolutionConfigurationPlatforms) = preSolution
		Debug|Any CPU = Debug|Any CPU
		Release|Any CPU = Release|Any CPU
	EndGlobalSection
	GlobalSection(ProjectConfigurationPlatforms) = postSolution
		{05F6A013-092D-48AE-9AAF-F49202898B0D}.Debug|Any CPU.ActiveCfg = Debug|Any CPU
		{05F6A013-092D-48AE-9AAF-F49202898B0D}.Debug|Any CPU.Build.0 = Debug|Any CPU
		{05F6A013-092D-48AE-9AAF-F49202898B0D}.Release|Any CPU.ActiveCfg = Release|Any CPU
		{05F6A013-092D-48AE-9AAF-F49202898B0D}.Release|Any CPU.Build.0 = Release|Any CPU
	EndGlobalSection
	GlobalSection(SolutionProperties) = preSolution
		HideSolutionNode = FALSE
	EndGlobalSection
	GlobalSection(ExtensibilityGlobals) = postSolution
		SolutionGuid = {865366FE-C3A0-42AD-87C6-51773255B70E}
	EndGlobalSection
EndGlobal
